// !$*UTF8*$!
{
	archiveVersion = 1;
	classes = {
	};
	objectVersion = 46;
	objects = {

/* Begin PBXBuildFile section */
		0091D8F90E81B9330029341E /* OpenGL.framework in Frameworks */ = {isa = PBXBuildFile; fileRef = 0091D8F80E81B9330029341E /* OpenGL.framework */; };
		00B784B30FF439BC000DE1D7 /* Accelerate.framework in Frameworks */ = {isa = PBXBuildFile; fileRef = 00B784AF0FF439BC000DE1D7 /* Accelerate.framework */; };
		00B784B40FF439BC000DE1D7 /* AudioToolbox.framework in Frameworks */ = {isa = PBXBuildFile; fileRef = 00B784B00FF439BC000DE1D7 /* AudioToolbox.framework */; };
		00B784B50FF439BC000DE1D7 /* AudioUnit.framework in Frameworks */ = {isa = PBXBuildFile; fileRef = 00B784B10FF439BC000DE1D7 /* AudioUnit.framework */; };
		00B784B60FF439BC000DE1D7 /* CoreAudio.framework in Frameworks */ = {isa = PBXBuildFile; fileRef = 00B784B20FF439BC000DE1D7 /* CoreAudio.framework */; };
		5323E6B20EAFCA74003A9687 /* CoreVideo.framework in Frameworks */ = {isa = PBXBuildFile; fileRef = 5323E6B10EAFCA74003A9687 /* CoreVideo.framework */; };
		5323E6B60EAFCA7E003A9687 /* QTKit.framework in Frameworks */ = {isa = PBXBuildFile; fileRef = 5323E6B50EAFCA7E003A9687 /* QTKit.framework */; };
		7101FBC118595AA9008553D8 /* PosFileConv.cpp in Sources */ = {isa = PBXBuildFile; fileRef = 7101FBBF18595AA9008553D8 /* PosFileConv.cpp */; };
		711E97E9183DE8DF00BAFB0B /* InfoPanel.cpp in Sources */ = {isa = PBXBuildFile; fileRef = 711E97E7183DE8DF00BAFB0B /* InfoPanel.cpp */; };
		715454C4188495D300F2C196 /* Common.cpp in Sources */ = {isa = PBXBuildFile; fileRef = 715454C3188495D200F2C196 /* Common.cpp */; };
		715D609018A95941008A9785 /* Cocoa.framework in Frameworks */ = {isa = PBXBuildFile; fileRef = 715D608F18A95941008A9785 /* Cocoa.framework */; };
		715D609718A95941008A9785 /* InfoPlist.strings in Resources */ = {isa = PBXBuildFile; fileRef = 715D609518A95941008A9785 /* InfoPlist.strings */; };
		715D609918A95941008A9785 /* main.m in Sources */ = {isa = PBXBuildFile; fileRef = 715D609818A95941008A9785 /* main.m */; };
		715D609D18A95941008A9785 /* Credits.rtf in Resources */ = {isa = PBXBuildFile; fileRef = 715D609B18A95941008A9785 /* Credits.rtf */; };
		715D60A018A95941008A9785 /* AppDelegate.mm in Sources */ = {isa = PBXBuildFile; fileRef = 715D609F18A95941008A9785 /* AppDelegate.mm */; };
		715D60A318A95941008A9785 /* MainMenu.xib in Resources */ = {isa = PBXBuildFile; fileRef = 715D60A118A95941008A9785 /* MainMenu.xib */; };
		715D60A518A95941008A9785 /* Images.xcassets in Resources */ = {isa = PBXBuildFile; fileRef = 715D60A418A95941008A9785 /* Images.xcassets */; };
		715D60C018A95CD3008A9785 /* Simulator.cpp in Sources */ = {isa = PBXBuildFile; fileRef = 715D60BE18A95CD3008A9785 /* Simulator.cpp */; };
		716A6BB5185F6E5100AB90DC /* Compressor.cpp in Sources */ = {isa = PBXBuildFile; fileRef = 716A6BB3185F6E5100AB90DC /* Compressor.cpp */; };
		717DD768188EF95E00D3BFA2 /* BetterComp.cpp in Sources */ = {isa = PBXBuildFile; fileRef = 717DD766188EF95E00D3BFA2 /* BetterComp.cpp */; };
		71AAF9DF1896EB8D00710A16 /* Decompressor.cpp in Sources */ = {isa = PBXBuildFile; fileRef = 71AAF9DD1896EB8D00710A16 /* Decompressor.cpp */; };
		71AAF9E21898425100710A16 /* frag.glsl in Resources */ = {isa = PBXBuildFile; fileRef = 71AAF9E01898425100710A16 /* frag.glsl */; };
		71AAF9E31898425100710A16 /* vert.glsl in Resources */ = {isa = PBXBuildFile; fileRef = 71AAF9E11898425100710A16 /* vert.glsl */; };
		8D11072F0486CEB800E47090 /* Cocoa.framework in Frameworks */ = {isa = PBXBuildFile; fileRef = 1058C7A1FEA54F0111CA2CBB /* Cocoa.framework */; };
		C701C84AABDB4227AEC263B4 /* VisualizerApp.cpp in Sources */ = {isa = PBXBuildFile; fileRef = 7F945C3F150C458FB3352920 /* VisualizerApp.cpp */; };
		DE224DC88C8943EDA4899E54 /* CinderApp.icns in Resources */ = {isa = PBXBuildFile; fileRef = 6E31D9CEBA884C4CB52F1690 /* CinderApp.icns */; };
/* End PBXBuildFile section */

/* Begin PBXFileReference section */
		0091D8F80E81B9330029341E /* OpenGL.framework */ = {isa = PBXFileReference; lastKnownFileType = wrapper.framework; name = OpenGL.framework; path = /System/Library/Frameworks/OpenGL.framework; sourceTree = "<absolute>"; };
		00B784AF0FF439BC000DE1D7 /* Accelerate.framework */ = {isa = PBXFileReference; lastKnownFileType = wrapper.framework; name = Accelerate.framework; path = System/Library/Frameworks/Accelerate.framework; sourceTree = SDKROOT; };
		00B784B00FF439BC000DE1D7 /* AudioToolbox.framework */ = {isa = PBXFileReference; lastKnownFileType = wrapper.framework; name = AudioToolbox.framework; path = System/Library/Frameworks/AudioToolbox.framework; sourceTree = SDKROOT; };
		00B784B10FF439BC000DE1D7 /* AudioUnit.framework */ = {isa = PBXFileReference; lastKnownFileType = wrapper.framework; name = AudioUnit.framework; path = System/Library/Frameworks/AudioUnit.framework; sourceTree = SDKROOT; };
		00B784B20FF439BC000DE1D7 /* CoreAudio.framework */ = {isa = PBXFileReference; lastKnownFileType = wrapper.framework; name = CoreAudio.framework; path = System/Library/Frameworks/CoreAudio.framework; sourceTree = SDKROOT; };
		1058C7A1FEA54F0111CA2CBB /* Cocoa.framework */ = {isa = PBXFileReference; lastKnownFileType = wrapper.framework; name = Cocoa.framework; path = /System/Library/Frameworks/Cocoa.framework; sourceTree = "<absolute>"; };
		29B97324FDCFA39411CA2CEA /* AppKit.framework */ = {isa = PBXFileReference; lastKnownFileType = wrapper.framework; name = AppKit.framework; path = /System/Library/Frameworks/AppKit.framework; sourceTree = "<absolute>"; };
		29B97325FDCFA39411CA2CEA /* Foundation.framework */ = {isa = PBXFileReference; lastKnownFileType = wrapper.framework; name = Foundation.framework; path = /System/Library/Frameworks/Foundation.framework; sourceTree = "<absolute>"; };
		5323E6B10EAFCA74003A9687 /* CoreVideo.framework */ = {isa = PBXFileReference; lastKnownFileType = wrapper.framework; name = CoreVideo.framework; path = /System/Library/Frameworks/CoreVideo.framework; sourceTree = "<absolute>"; };
		5323E6B50EAFCA7E003A9687 /* QTKit.framework */ = {isa = PBXFileReference; lastKnownFileType = wrapper.framework; name = QTKit.framework; path = /System/Library/Frameworks/QTKit.framework; sourceTree = "<absolute>"; };
		55457FF66E734604AB0FECF7 /* Visualizer_Prefix.pch */ = {isa = PBXFileReference; lastKnownFileType = "\"\""; path = Visualizer_Prefix.pch; sourceTree = "<group>"; };
		5F70902D1A5C4662889367FC /* Resources.h */ = {isa = PBXFileReference; lastKnownFileType = sourcecode.c.h; name = Resources.h; path = ../include/Resources.h; sourceTree = "<group>"; };
		6E31D9CEBA884C4CB52F1690 /* CinderApp.icns */ = {isa = PBXFileReference; lastKnownFileType = image.icns; name = CinderApp.icns; path = ../resources/CinderApp.icns; sourceTree = "<group>"; };
		7101FBBF18595AA9008553D8 /* PosFileConv.cpp */ = {isa = PBXFileReference; fileEncoding = 4; lastKnownFileType = sourcecode.cpp.cpp; path = PosFileConv.cpp; sourceTree = "<group>"; };
		7101FBC018595AA9008553D8 /* PosFileConv.h */ = {isa = PBXFileReference; fileEncoding = 4; lastKnownFileType = sourcecode.c.h; path = PosFileConv.h; sourceTree = "<group>"; };
		711E97E7183DE8DF00BAFB0B /* InfoPanel.cpp */ = {isa = PBXFileReference; fileEncoding = 4; lastKnownFileType = sourcecode.cpp.cpp; path = InfoPanel.cpp; sourceTree = "<group>"; };
		711E97E8183DE8DF00BAFB0B /* InfoPanel.h */ = {isa = PBXFileReference; fileEncoding = 4; lastKnownFileType = sourcecode.c.h; path = InfoPanel.h; sourceTree = "<group>"; };
		715454C2187C6D4600F2C196 /* Common.h */ = {isa = PBXFileReference; lastKnownFileType = sourcecode.c.h; path = Common.h; sourceTree = "<group>"; };
		715454C3188495D200F2C196 /* Common.cpp */ = {isa = PBXFileReference; fileEncoding = 4; lastKnownFileType = sourcecode.cpp.cpp; lineEnding = 0; path = Common.cpp; sourceTree = "<group>"; xcLanguageSpecificationIdentifier = xcode.lang.cpp; };
		715D608E18A95941008A9785 /* Simulator.app */ = {isa = PBXFileReference; explicitFileType = wrapper.application; includeInIndex = 0; path = Simulator.app; sourceTree = BUILT_PRODUCTS_DIR; };
		715D608F18A95941008A9785 /* Cocoa.framework */ = {isa = PBXFileReference; lastKnownFileType = wrapper.framework; name = Cocoa.framework; path = System/Library/Frameworks/Cocoa.framework; sourceTree = SDKROOT; };
		715D609118A95941008A9785 /* CoreData.framework */ = {isa = PBXFileReference; lastKnownFileType = wrapper.framework; name = CoreData.framework; path = System/Library/Frameworks/CoreData.framework; sourceTree = SDKROOT; };
		715D609418A95941008A9785 /* Simulator-Info.plist */ = {isa = PBXFileReference; lastKnownFileType = text.plist.xml; path = "Simulator-Info.plist"; sourceTree = "<group>"; };
		715D609618A95941008A9785 /* en */ = {isa = PBXFileReference; lastKnownFileType = text.plist.strings; name = en; path = en.lproj/InfoPlist.strings; sourceTree = "<group>"; };
		715D609818A95941008A9785 /* main.m */ = {isa = PBXFileReference; lastKnownFileType = sourcecode.c.objc; path = main.m; sourceTree = "<group>"; };
		715D609A18A95941008A9785 /* Simulator-Prefix.pch */ = {isa = PBXFileReference; lastKnownFileType = sourcecode.c.h; path = "Simulator-Prefix.pch"; sourceTree = "<group>"; };
		715D609C18A95941008A9785 /* en */ = {isa = PBXFileReference; lastKnownFileType = text.rtf; name = en; path = en.lproj/Credits.rtf; sourceTree = "<group>"; };
		715D609E18A95941008A9785 /* AppDelegate.h */ = {isa = PBXFileReference; lastKnownFileType = sourcecode.c.h; path = AppDelegate.h; sourceTree = "<group>"; };
		715D609F18A95941008A9785 /* AppDelegate.mm */ = {isa = PBXFileReference; lastKnownFileType = sourcecode.cpp.objcpp; path = AppDelegate.mm; sourceTree = "<group>"; };
		715D60A218A95941008A9785 /* Base */ = {isa = PBXFileReference; lastKnownFileType = file.xib; name = Base; path = Base.lproj/MainMenu.xib; sourceTree = "<group>"; };
		715D60A418A95941008A9785 /* Images.xcassets */ = {isa = PBXFileReference; lastKnownFileType = folder.assetcatalog; path = Images.xcassets; sourceTree = "<group>"; };
		715D60AB18A95941008A9785 /* XCTest.framework */ = {isa = PBXFileReference; lastKnownFileType = wrapper.framework; name = XCTest.framework; path = Library/Frameworks/XCTest.framework; sourceTree = DEVELOPER_DIR; };
		715D60BE18A95CD3008A9785 /* Simulator.cpp */ = {isa = PBXFileReference; fileEncoding = 4; lastKnownFileType = sourcecode.cpp.cpp; name = Simulator.cpp; path = ../../src/Simulator.cpp; sourceTree = "<group>"; };
		715D60BF18A95CD3008A9785 /* Simulator.h */ = {isa = PBXFileReference; fileEncoding = 4; lastKnownFileType = sourcecode.c.h; name = Simulator.h; path = ../../src/Simulator.h; sourceTree = "<group>"; };
		715D60C818ABEABA008A9785 /* Segment.h */ = {isa = PBXFileReference; fileEncoding = 4; lastKnownFileType = sourcecode.c.h; path = Segment.h; sourceTree = "<group>"; };
		715D60CB18ABEC77008A9785 /* Yarn.h */ = {isa = PBXFileReference; fileEncoding = 4; lastKnownFileType = sourcecode.c.h; path = Yarn.h; sourceTree = "<group>"; };
		715D60CD18ABEE71008A9785 /* CtrlPoint.h */ = {isa = PBXFileReference; lastKnownFileType = sourcecode.c.h; name = CtrlPoint.h; path = ../CtrlPoint.h; sourceTree = "<group>"; };
		716A6BB3185F6E5100AB90DC /* Compressor.cpp */ = {isa = PBXFileReference; fileEncoding = 4; lastKnownFileType = sourcecode.cpp.cpp; lineEnding = 0; path = Compressor.cpp; sourceTree = "<group>"; xcLanguageSpecificationIdentifier = xcode.lang.cpp; };
		716A6BB4185F6E5100AB90DC /* Compressor.h */ = {isa = PBXFileReference; fileEncoding = 4; lastKnownFileType = sourcecode.c.h; path = Compressor.h; sourceTree = "<group>"; };
		717DD766188EF95E00D3BFA2 /* BetterComp.cpp */ = {isa = PBXFileReference; fileEncoding = 4; lastKnownFileType = sourcecode.cpp.cpp; path = BetterComp.cpp; sourceTree = "<group>"; };
		717DD767188EF95E00D3BFA2 /* BetterComp.h */ = {isa = PBXFileReference; fileEncoding = 4; lastKnownFileType = sourcecode.c.h; path = BetterComp.h; sourceTree = "<group>"; };
		71AAF9DD1896EB8D00710A16 /* Decompressor.cpp */ = {isa = PBXFileReference; fileEncoding = 4; lastKnownFileType = sourcecode.cpp.cpp; path = Decompressor.cpp; sourceTree = "<group>"; };
		71AAF9DE1896EB8D00710A16 /* Decompressor.h */ = {isa = PBXFileReference; fileEncoding = 4; lastKnownFileType = sourcecode.c.h; path = Decompressor.h; sourceTree = "<group>"; };
		71AAF9E01898425100710A16 /* frag.glsl */ = {isa = PBXFileReference; fileEncoding = 4; lastKnownFileType = text; name = frag.glsl; path = ../resources/frag.glsl; sourceTree = "<group>"; };
		71AAF9E11898425100710A16 /* vert.glsl */ = {isa = PBXFileReference; fileEncoding = 4; lastKnownFileType = text; name = vert.glsl; path = ../resources/vert.glsl; sourceTree = "<group>"; };
		7F945C3F150C458FB3352920 /* VisualizerApp.cpp */ = {isa = PBXFileReference; lastKnownFileType = sourcecode.cpp.cpp; lineEnding = 0; name = VisualizerApp.cpp; path = ../src/VisualizerApp.cpp; sourceTree = "<group>"; xcLanguageSpecificationIdentifier = xcode.lang.cpp; };
		8D1107320486CEB800E47090 /* Visualizer.app */ = {isa = PBXFileReference; explicitFileType = wrapper.application; includeInIndex = 0; path = Visualizer.app; sourceTree = BUILT_PRODUCTS_DIR; };
		BB0A1373225F4D5196F608BC /* Info.plist */ = {isa = PBXFileReference; lastKnownFileType = text.plist.xml; path = Info.plist; sourceTree = "<group>"; };
/* End PBXFileReference section */

/* Begin PBXFrameworksBuildPhase section */
		715D608B18A95941008A9785 /* Frameworks */ = {
			isa = PBXFrameworksBuildPhase;
			buildActionMask = 2147483647;
			files = (
				715D609018A95941008A9785 /* Cocoa.framework in Frameworks */,
			);
			runOnlyForDeploymentPostprocessing = 0;
		};
		8D11072E0486CEB800E47090 /* Frameworks */ = {
			isa = PBXFrameworksBuildPhase;
			buildActionMask = 2147483647;
			files = (
				8D11072F0486CEB800E47090 /* Cocoa.framework in Frameworks */,
				0091D8F90E81B9330029341E /* OpenGL.framework in Frameworks */,
				5323E6B20EAFCA74003A9687 /* CoreVideo.framework in Frameworks */,
				5323E6B60EAFCA7E003A9687 /* QTKit.framework in Frameworks */,
				00B784B30FF439BC000DE1D7 /* Accelerate.framework in Frameworks */,
				00B784B40FF439BC000DE1D7 /* AudioToolbox.framework in Frameworks */,
				00B784B50FF439BC000DE1D7 /* AudioUnit.framework in Frameworks */,
				00B784B60FF439BC000DE1D7 /* CoreAudio.framework in Frameworks */,
			);
			runOnlyForDeploymentPostprocessing = 0;
		};
/* End PBXFrameworksBuildPhase section */

/* Begin PBXGroup section */
		01B97315FEAEA392516A2CEA /* Blocks */ = {
			isa = PBXGroup;
			children = (
			);
			name = Blocks;
			sourceTree = "<group>";
		};
		080E96DDFE201D6D7F000001 /* Source */ = {
			isa = PBXGroup;
			children = (
				7F945C3F150C458FB3352920 /* VisualizerApp.cpp */,
				71AAF9DD1896EB8D00710A16 /* Decompressor.cpp */,
				715454C3188495D200F2C196 /* Common.cpp */,
				717DD766188EF95E00D3BFA2 /* BetterComp.cpp */,
				716A6BB3185F6E5100AB90DC /* Compressor.cpp */,
				7101FBBF18595AA9008553D8 /* PosFileConv.cpp */,
				711E97E7183DE8DF00BAFB0B /* InfoPanel.cpp */,
			);
			name = Source;
			sourceTree = "<group>";
		};
		1058C7A0FEA54F0111CA2CBB /* Linked Frameworks */ = {
			isa = PBXGroup;
			children = (
				00B784AF0FF439BC000DE1D7 /* Accelerate.framework */,
				00B784B00FF439BC000DE1D7 /* AudioToolbox.framework */,
				00B784B10FF439BC000DE1D7 /* AudioUnit.framework */,
				00B784B20FF439BC000DE1D7 /* CoreAudio.framework */,
				5323E6B50EAFCA7E003A9687 /* QTKit.framework */,
				5323E6B10EAFCA74003A9687 /* CoreVideo.framework */,
				0091D8F80E81B9330029341E /* OpenGL.framework */,
				1058C7A1FEA54F0111CA2CBB /* Cocoa.framework */,
			);
			name = "Linked Frameworks";
			sourceTree = "<group>";
		};
		1058C7A2FEA54F0111CA2CBB /* Other Frameworks */ = {
			isa = PBXGroup;
			children = (
				29B97324FDCFA39411CA2CEA /* AppKit.framework */,
				29B97325FDCFA39411CA2CEA /* Foundation.framework */,
				715D609118A95941008A9785 /* CoreData.framework */,
			);
			name = "Other Frameworks";
			sourceTree = "<group>";
		};
		19C28FACFE9D520D11CA2CBB /* Products */ = {
			isa = PBXGroup;
			children = (
				8D1107320486CEB800E47090 /* Visualizer.app */,
				715D608E18A95941008A9785 /* Simulator.app */,
			);
			name = Products;
			sourceTree = "<group>";
		};
		29B97314FDCFA39411CA2CEA /* Visualizer */ = {
			isa = PBXGroup;
			children = (
				01B97315FEAEA392516A2CEA /* Blocks */,
				29B97315FDCFA39411CA2CEA /* Headers */,
				080E96DDFE201D6D7F000001 /* Source */,
				29B97317FDCFA39411CA2CEA /* Resources */,
				715D609218A95941008A9785 /* Simulator */,
				29B97323FDCFA39411CA2CEA /* Frameworks */,
				19C28FACFE9D520D11CA2CBB /* Products */,
			);
			name = Visualizer;
			sourceTree = "<group>";
		};
		29B97315FDCFA39411CA2CEA /* Headers */ = {
			isa = PBXGroup;
			children = (
				717DD767188EF95E00D3BFA2 /* BetterComp.h */,
				711E97E8183DE8DF00BAFB0B /* InfoPanel.h */,
				716A6BB4185F6E5100AB90DC /* Compressor.h */,
				7101FBC018595AA9008553D8 /* PosFileConv.h */,
				5F70902D1A5C4662889367FC /* Resources.h */,
				71AAF9DE1896EB8D00710A16 /* Decompressor.h */,
				715454C2187C6D4600F2C196 /* Common.h */,
				55457FF66E734604AB0FECF7 /* Visualizer_Prefix.pch */,
			);
			name = Headers;
			sourceTree = "<group>";
		};
		29B97317FDCFA39411CA2CEA /* Resources */ = {
			isa = PBXGroup;
			children = (
				71AAF9E01898425100710A16 /* frag.glsl */,
				71AAF9E11898425100710A16 /* vert.glsl */,
				6E31D9CEBA884C4CB52F1690 /* CinderApp.icns */,
				BB0A1373225F4D5196F608BC /* Info.plist */,
			);
			name = Resources;
			sourceTree = "<group>";
		};
		29B97323FDCFA39411CA2CEA /* Frameworks */ = {
			isa = PBXGroup;
			children = (
				1058C7A0FEA54F0111CA2CBB /* Linked Frameworks */,
				715D608F18A95941008A9785 /* Cocoa.framework */,
				715D60AB18A95941008A9785 /* XCTest.framework */,
				1058C7A2FEA54F0111CA2CBB /* Other Frameworks */,
			);
			name = Frameworks;
			sourceTree = "<group>";
		};
		715D609218A95941008A9785 /* Simulator */ = {
			isa = PBXGroup;
			children = (
				715D60C218ABE9E2008A9785 /* Source */,
				715D60C118ABE9D6008A9785 /* Headers */,
				715D609E18A95941008A9785 /* AppDelegate.h */,
				715D609F18A95941008A9785 /* AppDelegate.mm */,
				715D60A118A95941008A9785 /* MainMenu.xib */,
				715D60A418A95941008A9785 /* Images.xcassets */,
				715D609318A95941008A9785 /* Supporting Files */,
			);
			path = Simulator;
			sourceTree = "<group>";
		};
		715D609318A95941008A9785 /* Supporting Files */ = {
			isa = PBXGroup;
			children = (
				715D609418A95941008A9785 /* Simulator-Info.plist */,
				715D609518A95941008A9785 /* InfoPlist.strings */,
				715D609818A95941008A9785 /* main.m */,
				715D609A18A95941008A9785 /* Simulator-Prefix.pch */,
				715D609B18A95941008A9785 /* Credits.rtf */,
			);
			name = "Supporting Files";
			sourceTree = "<group>";
		};
		715D60C118ABE9D6008A9785 /* Headers */ = {
			isa = PBXGroup;
			children = (
				715D60CD18ABEE71008A9785 /* CtrlPoint.h */,
				715D60C818ABEABA008A9785 /* Segment.h */,
				715D60BF18A95CD3008A9785 /* Simulator.h */,
				715D60CB18ABEC77008A9785 /* Yarn.h */,
			);
			name = Headers;
			sourceTree = "<group>";
		};
		715D60C218ABE9E2008A9785 /* Source */ = {
			isa = PBXGroup;
			children = (
				715D60BE18A95CD3008A9785 /* Simulator.cpp */,
			);
			name = Source;
			sourceTree = "<group>";
		};
/* End PBXGroup section */

/* Begin PBXNativeTarget section */
		715D608D18A95941008A9785 /* Simulator */ = {
			isa = PBXNativeTarget;
			buildConfigurationList = 715D60B818A95941008A9785 /* Build configuration list for PBXNativeTarget "Simulator" */;
			buildPhases = (
				715D608A18A95941008A9785 /* Sources */,
				715D608B18A95941008A9785 /* Frameworks */,
				715D608C18A95941008A9785 /* Resources */,
			);
			buildRules = (
			);
			dependencies = (
			);
			name = Simulator;
			productName = Simulator;
			productReference = 715D608E18A95941008A9785 /* Simulator.app */;
			productType = "com.apple.product-type.application";
		};
		8D1107260486CEB800E47090 /* Visualizer */ = {
			isa = PBXNativeTarget;
			buildConfigurationList = C01FCF4A08A954540054247B /* Build configuration list for PBXNativeTarget "Visualizer" */;
			buildPhases = (
				8D1107290486CEB800E47090 /* Resources */,
				8D11072C0486CEB800E47090 /* Sources */,
				8D11072E0486CEB800E47090 /* Frameworks */,
			);
			buildRules = (
			);
			dependencies = (
			);
			name = Visualizer;
			productInstallPath = "$(HOME)/Applications";
			productName = Visualizer;
			productReference = 8D1107320486CEB800E47090 /* Visualizer.app */;
			productType = "com.apple.product-type.application";
		};
/* End PBXNativeTarget section */

/* Begin PBXProject section */
		29B97313FDCFA39411CA2CEA /* Project object */ = {
			isa = PBXProject;
			attributes = {
				LastUpgradeCheck = 0500;
			};
			buildConfigurationList = C01FCF4E08A954540054247B /* Build configuration list for PBXProject "Visualizer" */;
			compatibilityVersion = "Xcode 3.2";
			developmentRegion = English;
			hasScannedForEncodings = 1;
			knownRegions = (
				English,
				Japanese,
				French,
				German,
				en,
				Base,
			);
			mainGroup = 29B97314FDCFA39411CA2CEA /* Visualizer */;
			projectDirPath = "";
			projectRoot = "";
			targets = (
				8D1107260486CEB800E47090 /* Visualizer */,
				715D608D18A95941008A9785 /* Simulator */,
			);
		};
/* End PBXProject section */

/* Begin PBXResourcesBuildPhase section */
		715D608C18A95941008A9785 /* Resources */ = {
			isa = PBXResourcesBuildPhase;
			buildActionMask = 2147483647;
			files = (
				715D609718A95941008A9785 /* InfoPlist.strings in Resources */,
				715D60A518A95941008A9785 /* Images.xcassets in Resources */,
				715D609D18A95941008A9785 /* Credits.rtf in Resources */,
				715D60A318A95941008A9785 /* MainMenu.xib in Resources */,
			);
			runOnlyForDeploymentPostprocessing = 0;
		};
		8D1107290486CEB800E47090 /* Resources */ = {
			isa = PBXResourcesBuildPhase;
			buildActionMask = 2147483647;
			files = (
				DE224DC88C8943EDA4899E54 /* CinderApp.icns in Resources */,
				71AAF9E31898425100710A16 /* vert.glsl in Resources */,
				71AAF9E21898425100710A16 /* frag.glsl in Resources */,
			);
			runOnlyForDeploymentPostprocessing = 0;
		};
/* End PBXResourcesBuildPhase section */

/* Begin PBXSourcesBuildPhase section */
		715D608A18A95941008A9785 /* Sources */ = {
			isa = PBXSourcesBuildPhase;
			buildActionMask = 2147483647;
			files = (
				715D60A018A95941008A9785 /* AppDelegate.mm in Sources */,
				715D609918A95941008A9785 /* main.m in Sources */,
				715D60C018A95CD3008A9785 /* Simulator.cpp in Sources */,
			);
			runOnlyForDeploymentPostprocessing = 0;
		};
		8D11072C0486CEB800E47090 /* Sources */ = {
			isa = PBXSourcesBuildPhase;
			buildActionMask = 2147483647;
			files = (
				716A6BB5185F6E5100AB90DC /* Compressor.cpp in Sources */,
				71AAF9DF1896EB8D00710A16 /* Decompressor.cpp in Sources */,
				C701C84AABDB4227AEC263B4 /* VisualizerApp.cpp in Sources */,
				717DD768188EF95E00D3BFA2 /* BetterComp.cpp in Sources */,
				7101FBC118595AA9008553D8 /* PosFileConv.cpp in Sources */,
				715454C4188495D300F2C196 /* Common.cpp in Sources */,
				711E97E9183DE8DF00BAFB0B /* InfoPanel.cpp in Sources */,
			);
			runOnlyForDeploymentPostprocessing = 0;
		};
/* End PBXSourcesBuildPhase section */

/* Begin PBXVariantGroup section */
		715D609518A95941008A9785 /* InfoPlist.strings */ = {
			isa = PBXVariantGroup;
			children = (
				715D609618A95941008A9785 /* en */,
			);
			name = InfoPlist.strings;
			sourceTree = "<group>";
		};
		715D609B18A95941008A9785 /* Credits.rtf */ = {
			isa = PBXVariantGroup;
			children = (
				715D609C18A95941008A9785 /* en */,
			);
			name = Credits.rtf;
			sourceTree = "<group>";
		};
		715D60A118A95941008A9785 /* MainMenu.xib */ = {
			isa = PBXVariantGroup;
			children = (
				715D60A218A95941008A9785 /* Base */,
			);
			name = MainMenu.xib;
			sourceTree = "<group>";
		};
/* End PBXVariantGroup section */

/* Begin XCBuildConfiguration section */
		715D60B918A95941008A9785 /* Debug */ = {
			isa = XCBuildConfiguration;
			buildSettings = {
				ASSETCATALOG_COMPILER_APPICON_NAME = AppIcon;
				CINDER_PATH = /Users/eschweickart/cinder/cinder_master;
				CLANG_CXX_LANGUAGE_STANDARD = "c++0x";
				CLANG_CXX_LIBRARY = "libc++";
				CLANG_ENABLE_OBJC_ARC = YES;
				CLANG_WARN_BOOL_CONVERSION = YES;
				CLANG_WARN_CONSTANT_CONVERSION = YES;
				CLANG_WARN_DIRECT_OBJC_ISA_USAGE = YES_ERROR;
				CLANG_WARN_EMPTY_BODY = YES;
				CLANG_WARN_ENUM_CONVERSION = YES;
				CLANG_WARN_INT_CONVERSION = YES;
				CLANG_WARN_OBJC_ROOT_CLASS = YES_ERROR;
				CLANG_WARN__DUPLICATE_METHOD_MATCH = YES;
				COMBINE_HIDPI_IMAGES = YES;
				COPY_PHASE_STRIP = NO;
				GCC_C_LANGUAGE_STANDARD = "compiler-default";
				GCC_DYNAMIC_NO_PIC = NO;
				GCC_ENABLE_OBJC_EXCEPTIONS = YES;
				GCC_OPTIMIZATION_LEVEL = 0;
				GCC_PRECOMPILE_PREFIX_HEADER = YES;
				GCC_PREFIX_HEADER = "Simulator/Simulator-Prefix.pch";
				GCC_PREPROCESSOR_DEFINITIONS = (
					"DEBUG=1",
					"$(inherited)",
				);
				GCC_SYMBOLS_PRIVATE_EXTERN = NO;
				GCC_WARN_64_TO_32_BIT_CONVERSION = YES;
				GCC_WARN_ABOUT_RETURN_TYPE = YES_ERROR;
				GCC_WARN_PEDANTIC = YES;
				GCC_WARN_UNDECLARED_SELECTOR = YES;
				GCC_WARN_UNINITIALIZED_AUTOS = YES;
				GCC_WARN_UNUSED_FUNCTION = YES;
				INFOPLIST_FILE = "Simulator/Simulator-Info.plist";
				LIBRARY_SEARCH_PATHS = "\"/Users/eschweickart/boost/lib\"";
				OTHER_LDFLAGS = (
					"\"/Users/eschweickart/boost/lib/libboost_system.a\"",
					"\"/Users/eschweickart/boost/lib/libboost_chrono.a\"",
					"\"/Users/eschweickart/boost/lib/libboost_date_time.a\"",
					"\"/Users/eschweickart/boost/lib/libboost_thread.a\"",
				);
				PRODUCT_NAME = "$(TARGET_NAME)";
				WRAPPER_EXTENSION = app;
			};
			name = Debug;
		};
		715D60BA18A95941008A9785 /* Release */ = {
			isa = XCBuildConfiguration;
			buildSettings = {
				ASSETCATALOG_COMPILER_APPICON_NAME = AppIcon;
				CINDER_PATH = /Users/eschweickart/cinder/cinder_master;
				CLANG_CXX_LANGUAGE_STANDARD = "c++0x";
				CLANG_CXX_LIBRARY = "libc++";
				CLANG_ENABLE_OBJC_ARC = YES;
				CLANG_WARN_BOOL_CONVERSION = YES;
				CLANG_WARN_CONSTANT_CONVERSION = YES;
				CLANG_WARN_DIRECT_OBJC_ISA_USAGE = YES_ERROR;
				CLANG_WARN_EMPTY_BODY = YES;
				CLANG_WARN_ENUM_CONVERSION = YES;
				CLANG_WARN_INT_CONVERSION = YES;
				CLANG_WARN_OBJC_ROOT_CLASS = YES_ERROR;
				CLANG_WARN__DUPLICATE_METHOD_MATCH = YES;
				COMBINE_HIDPI_IMAGES = YES;
				COPY_PHASE_STRIP = YES;
				DEBUG_INFORMATION_FORMAT = "dwarf-with-dsym";
				ENABLE_NS_ASSERTIONS = NO;
				GCC_C_LANGUAGE_STANDARD = "compiler-default";
				GCC_ENABLE_OBJC_EXCEPTIONS = YES;
				GCC_PRECOMPILE_PREFIX_HEADER = YES;
				GCC_PREFIX_HEADER = "Simulator/Simulator-Prefix.pch";
				GCC_WARN_64_TO_32_BIT_CONVERSION = YES;
				GCC_WARN_ABOUT_RETURN_TYPE = YES_ERROR;
				GCC_WARN_PEDANTIC = YES;
				GCC_WARN_UNDECLARED_SELECTOR = YES;
				GCC_WARN_UNINITIALIZED_AUTOS = YES;
				GCC_WARN_UNUSED_FUNCTION = YES;
				INFOPLIST_FILE = "Simulator/Simulator-Info.plist";
				LIBRARY_SEARCH_PATHS = "\"/Users/eschweickart/boost/lib\"";
				OTHER_LDFLAGS = (
					"\"/Users/eschweickart/boost/lib/libboost_system.a\"",
					"\"/Users/eschweickart/boost/lib/libboost_chrono.a\"",
					"\"/Users/eschweickart/boost/lib/libboost_date_time.a\"",
					"\"/Users/eschweickart/boost/lib/libboost_thread.a\"",
				);
				PRODUCT_NAME = "$(TARGET_NAME)";
				WRAPPER_EXTENSION = app;
			};
			name = Release;
		};
		C01FCF4B08A954540054247B /* Debug */ = {
			isa = XCBuildConfiguration;
			buildSettings = {
				CINDER_PATH = /Users/eschweickart/cinder/cinder_master;
				CLANG_CXX_LIBRARY = "libc++";
				COMBINE_HIDPI_IMAGES = YES;
				COPY_PHASE_STRIP = NO;
				DEAD_CODE_STRIPPING = YES;
				GCC_DYNAMIC_NO_PIC = NO;
				GCC_INLINES_ARE_PRIVATE_EXTERN = YES;
				GCC_OPTIMIZATION_LEVEL = 0;
				GCC_PRECOMPILE_PREFIX_HEADER = YES;
				GCC_PREFIX_HEADER = Visualizer_Prefix.pch;
				GCC_PREPROCESSOR_DEFINITIONS = (
					"DEBUG=1",
					"$(inherited)",
				);
				GCC_SYMBOLS_PRIVATE_EXTERN = NO;
				INFOPLIST_FILE = Info.plist;
				INSTALL_PATH = "$(HOME)/Applications";
				OTHER_LDFLAGS = "\"$(CINDER_PATH)/lib/libcinder_d.a\"";
				PRODUCT_NAME = Visualizer;
				SYMROOT = ./build;
				WRAPPER_EXTENSION = app;
			};
			name = Debug;
		};
		C01FCF4C08A954540054247B /* Release */ = {
			isa = XCBuildConfiguration;
			buildSettings = {
				CINDER_PATH = /Users/eschweickart/cinder/cinder_master;
				CLANG_CXX_LIBRARY = "libc++";
				COMBINE_HIDPI_IMAGES = YES;
				DEAD_CODE_STRIPPING = YES;
				DEBUG_INFORMATION_FORMAT = "dwarf-with-dsym";
				GCC_FAST_MATH = YES;
				GCC_GENERATE_DEBUGGING_SYMBOLS = NO;
				GCC_INLINES_ARE_PRIVATE_EXTERN = YES;
				GCC_OPTIMIZATION_LEVEL = 3;
				GCC_PRECOMPILE_PREFIX_HEADER = YES;
				GCC_PREFIX_HEADER = Visualizer_Prefix.pch;
				GCC_SYMBOLS_PRIVATE_EXTERN = NO;
				INFOPLIST_FILE = Info.plist;
				INSTALL_PATH = "$(HOME)/Applications";
				OTHER_LDFLAGS = "\"$(CINDER_PATH)/lib/libcinder.a\"";
				PRODUCT_NAME = Visualizer;
				STRIP_INSTALLED_PRODUCT = YES;
				SYMROOT = ./build;
				WRAPPER_EXTENSION = app;
			};
			name = Release;
		};
		C01FCF4F08A954540054247B /* Debug */ = {
			isa = XCBuildConfiguration;
			buildSettings = {
				ALWAYS_SEARCH_USER_PATHS = NO;
				CINDER_PATH = ../../../6650/cinder/cinder_master;
				CLANG_CXX_LANGUAGE_STANDARD = "c++0x";
				CLANG_CXX_LIBRARY = "libc++";
				GCC_WARN_ABOUT_RETURN_TYPE = YES;
				GCC_WARN_UNUSED_VARIABLE = YES;
				HEADER_SEARCH_PATHS = "\"$(CINDER_PATH)/boost\"";
				MACOSX_DEPLOYMENT_TARGET = 10.8;
				ONLY_ACTIVE_ARCH = YES;
				SDKROOT = macosx;
				USER_HEADER_SEARCH_PATHS = "\"$(CINDER_PATH)/include\" ../include";
			};
			name = Debug;
		};
		C01FCF5008A954540054247B /* Release */ = {
			isa = XCBuildConfiguration;
			buildSettings = {
				ALWAYS_SEARCH_USER_PATHS = NO;
				CINDER_PATH = ../../../6650/cinder/cinder_master;
				CLANG_CXX_LANGUAGE_STANDARD = "c++0x";
				CLANG_CXX_LIBRARY = "libc++";
				GCC_WARN_ABOUT_RETURN_TYPE = YES;
				GCC_WARN_UNUSED_VARIABLE = YES;
				HEADER_SEARCH_PATHS = "\"$(CINDER_PATH)/boost\"";
				MACOSX_DEPLOYMENT_TARGET = 10.8;
				ONLY_ACTIVE_ARCH = YES;
				SDKROOT = macosx;
				USER_HEADER_SEARCH_PATHS = "\"$(CINDER_PATH)/include\" ../include";
			};
			name = Release;
		};
/* End XCBuildConfiguration section */

/* Begin XCConfigurationList section */
		715D60B818A95941008A9785 /* Build configuration list for PBXNativeTarget "Simulator" */ = {
			isa = XCConfigurationList;
			buildConfigurations = (
				715D60B918A95941008A9785 /* Debug */,
				715D60BA18A95941008A9785 /* Release */,
			);
			defaultConfigurationIsVisible = 0;
		};
		C01FCF4A08A954540054247B /* Build configuration list for PBXNativeTarget "Visualizer" */ = {
			isa = XCConfigurationList;
			buildConfigurations = (
				C01FCF4B08A954540054247B /* Debug */,
				C01FCF4C08A954540054247B /* Release */,
			);
			defaultConfigurationIsVisible = 0;
			defaultConfigurationName = Release;
		};
		C01FCF4E08A954540054247B /* Build configuration list for PBXProject "Visualizer" */ = {
			isa = XCConfigurationList;
			buildConfigurations = (
				C01FCF4F08A954540054247B /* Debug */,
				C01FCF5008A954540054247B /* Release */,
			);
			defaultConfigurationIsVisible = 0;
			defaultConfigurationName = Release;
		};
/* End XCConfigurationList section */
	};
	rootObject = 29B97313FDCFA39411CA2CEA /* Project object */;
}
