// !$*UTF8*$!
{
	archiveVersion = 1;
	classes = {
	};
	objectVersion = 46;
	objects = {

/* Begin PBXBuildFile section */
		0091D8F90E81B9330029341E /* OpenGL.framework in Frameworks */ = {isa = PBXBuildFile; fileRef = 0091D8F80E81B9330029341E /* OpenGL.framework */; };
		00B784B30FF439BC000DE1D7 /* Accelerate.framework in Frameworks */ = {isa = PBXBuildFile; fileRef = 00B784AF0FF439BC000DE1D7 /* Accelerate.framework */; };
		00B784B40FF439BC000DE1D7 /* AudioToolbox.framework in Frameworks */ = {isa = PBXBuildFile; fileRef = 00B784B00FF439BC000DE1D7 /* AudioToolbox.framework */; };
		00B784B50FF439BC000DE1D7 /* AudioUnit.framework in Frameworks */ = {isa = PBXBuildFile; fileRef = 00B784B10FF439BC000DE1D7 /* AudioUnit.framework */; };
		00B784B60FF439BC000DE1D7 /* CoreAudio.framework in Frameworks */ = {isa = PBXBuildFile; fileRef = 00B784B20FF439BC000DE1D7 /* CoreAudio.framework */; };
		5323E6B20EAFCA74003A9687 /* CoreVideo.framework in Frameworks */ = {isa = PBXBuildFile; fileRef = 5323E6B10EAFCA74003A9687 /* CoreVideo.framework */; };
		5323E6B60EAFCA7E003A9687 /* QTKit.framework in Frameworks */ = {isa = PBXBuildFile; fileRef = 5323E6B50EAFCA7E003A9687 /* QTKit.framework */; };
		7101FBC118595AA9008553D8 /* PosFileConv.cpp in Sources */ = {isa = PBXBuildFile; fileRef = 7101FBBF18595AA9008553D8 /* PosFileConv.cpp */; };
		7116A445193E64FD006278C8 /* VisualizerApp.cpp in Sources */ = {isa = PBXBuildFile; fileRef = 7F945C3F150C458FB3352920 /* VisualizerApp.cpp */; };
		71197EF31911758B003D1E8D /* sim-vert.glsl in Resources */ = {isa = PBXBuildFile; fileRef = 71197EF11911758B003D1E8D /* sim-vert.glsl */; };
		71197EF6191175E6003D1E8D /* sim-frag.glsl in Resources */ = {isa = PBXBuildFile; fileRef = 71197EF4191175E6003D1E8D /* sim-frag.glsl */; };
		711E97E9183DE8DF00BAFB0B /* InfoPanel.cpp in Sources */ = {isa = PBXBuildFile; fileRef = 711E97E7183DE8DF00BAFB0B /* InfoPanel.cpp */; };
		713EE1F219463DC30010304B /* RodSoundApp.cpp in Sources */ = {isa = PBXBuildFile; fileRef = 71CA573C19463A870076A3F2 /* RodSoundApp.cpp */; };
		713EE1F6194643910010304B /* Carbon.framework in Frameworks */ = {isa = PBXBuildFile; fileRef = 713EE1F5194643910010304B /* Carbon.framework */; };
		713EE1F8194644640010304B /* QuartzCore.framework in Frameworks */ = {isa = PBXBuildFile; fileRef = 713EE1F7194644640010304B /* QuartzCore.framework */; };
		713EE1FD19477EBB0010304B /* Integrator.cpp in Sources */ = {isa = PBXBuildFile; fileRef = 713EE1FA19477E7D0010304B /* Integrator.cpp */; };
		713EE1FE19477EBC0010304B /* Integrator.cpp in Sources */ = {isa = PBXBuildFile; fileRef = 713EE1FA19477E7D0010304B /* Integrator.cpp */; };
		713EE2011947884E0010304B /* ExIntegrator.cpp in Sources */ = {isa = PBXBuildFile; fileRef = 713EE1FF1947884E0010304B /* ExIntegrator.cpp */; };
		713EE204194B5A810010304B /* QTKit.framework in Frameworks */ = {isa = PBXBuildFile; fileRef = 71CA574219463BA20076A3F2 /* QTKit.framework */; };
		714D113A1914073F00C8B1BD /* sim-frag-tex.glsl in Resources */ = {isa = PBXBuildFile; fileRef = 714D11381914073F00C8B1BD /* sim-frag-tex.glsl */; };
		714D113B1914073F00C8B1BD /* sim-vert-tex.glsl in Resources */ = {isa = PBXBuildFile; fileRef = 714D11391914073F00C8B1BD /* sim-vert-tex.glsl */; };
		714D113C191407FF00C8B1BD /* sim-frag-tex.glsl in Resources */ = {isa = PBXBuildFile; fileRef = 714D11381914073F00C8B1BD /* sim-frag-tex.glsl */; };
		714D113D191407FF00C8B1BD /* sim-vert-tex.glsl in Resources */ = {isa = PBXBuildFile; fileRef = 714D11391914073F00C8B1BD /* sim-vert-tex.glsl */; };
		714D113F1914094600C8B1BD /* yarnTex.tga in Resources */ = {isa = PBXBuildFile; fileRef = 714D113E1914094600C8B1BD /* yarnTex.tga */; };
		714D114219140FAC00C8B1BD /* yarnTex.png in Resources */ = {isa = PBXBuildFile; fileRef = 714D114119140FAC00C8B1BD /* yarnTex.png */; };
		714D114319140FBE00C8B1BD /* yarnTex.png in Resources */ = {isa = PBXBuildFile; fileRef = 714D114119140FAC00C8B1BD /* yarnTex.png */; };
		715454C4188495D300F2C196 /* Common.cpp in Sources */ = {isa = PBXBuildFile; fileRef = 715454C3188495D200F2C196 /* Common.cpp */; };
		717DD768188EF95E00D3BFA2 /* Compressor.cpp in Sources */ = {isa = PBXBuildFile; fileRef = 717DD766188EF95E00D3BFA2 /* Compressor.cpp */; };
		7181B512198054FB005C3EBB /* BEMSolver.cpp in Sources */ = {isa = PBXBuildFile; fileRef = 7181B510198054FB005C3EBB /* BEMSolver.cpp */; };
		719F3A95193E71B30096FC24 /* SimulatorApp.cpp in Sources */ = {isa = PBXBuildFile; fileRef = 71CAE65318C78D7E002C9FD3 /* SimulatorApp.cpp */; };
		719F3A96193E71B30096FC24 /* PTDetector.cpp in Sources */ = {isa = PBXBuildFile; fileRef = 71197EED190ABB18003D1E8D /* PTDetector.cpp */; };
		719F3A97193E71B30096FC24 /* IMEXIntegrator.cpp in Sources */ = {isa = PBXBuildFile; fileRef = 719B0C5118BBE9F200FB1633 /* IMEXIntegrator.cpp */; };
		719F3A98193E71B30096FC24 /* Energy.cpp in Sources */ = {isa = PBXBuildFile; fileRef = 715D32B518FC60490061154E /* Energy.cpp */; };
		719F3A99193E71B30096FC24 /* YarnBuilder.cpp in Sources */ = {isa = PBXBuildFile; fileRef = 71A93CCA192A4FF70030A80B /* YarnBuilder.cpp */; };
		71AAF9DF1896EB8D00710A16 /* Decompressor.cpp in Sources */ = {isa = PBXBuildFile; fileRef = 71AAF9DD1896EB8D00710A16 /* Decompressor.cpp */; };
		71AAF9E21898425100710A16 /* vis-frag.glsl in Resources */ = {isa = PBXBuildFile; fileRef = 71AAF9E01898425100710A16 /* vis-frag.glsl */; };
		71AAF9E31898425100710A16 /* vis-vert.glsl in Resources */ = {isa = PBXBuildFile; fileRef = 71AAF9E11898425100710A16 /* vis-vert.glsl */; };
		71CA570319420BD80076A3F2 /* ConstraintIntegrator.cpp in Sources */ = {isa = PBXBuildFile; fileRef = 71CA570119420BD80076A3F2 /* ConstraintIntegrator.cpp */; };
		71CA570619420C960076A3F2 /* Constraint.cpp in Sources */ = {isa = PBXBuildFile; fileRef = 71CA570419420C960076A3F2 /* Constraint.cpp */; };
		71CA574619463BC30076A3F2 /* yarnTex.png in Resources */ = {isa = PBXBuildFile; fileRef = 714D114119140FAC00C8B1BD /* yarnTex.png */; };
		71CA574719463BC30076A3F2 /* sim-frag-tex.glsl in Resources */ = {isa = PBXBuildFile; fileRef = 714D11381914073F00C8B1BD /* sim-frag-tex.glsl */; };
		71CA574819463BC30076A3F2 /* sim-vert-tex.glsl in Resources */ = {isa = PBXBuildFile; fileRef = 714D11391914073F00C8B1BD /* sim-vert-tex.glsl */; };
		71CA574919463BC30076A3F2 /* CinderApp.icns in Resources */ = {isa = PBXBuildFile; fileRef = 6E31D9CEBA884C4CB52F1690 /* CinderApp.icns */; };
		71CA574A19463BC30076A3F2 /* vis-vert.glsl in Resources */ = {isa = PBXBuildFile; fileRef = 71AAF9E11898425100710A16 /* vis-vert.glsl */; };
		71CA574B19463BC30076A3F2 /* sim-vert.glsl in Resources */ = {isa = PBXBuildFile; fileRef = 71197EF11911758B003D1E8D /* sim-vert.glsl */; };
		71CA574C19463BC30076A3F2 /* sim-frag.glsl in Resources */ = {isa = PBXBuildFile; fileRef = 71197EF4191175E6003D1E8D /* sim-frag.glsl */; };
		71CA574D19463BC30076A3F2 /* vis-frag.glsl in Resources */ = {isa = PBXBuildFile; fileRef = 71AAF9E01898425100710A16 /* vis-frag.glsl */; };
		71CA575019463BC30076A3F2 /* ConstraintIntegrator.cpp in Sources */ = {isa = PBXBuildFile; fileRef = 71CA570119420BD80076A3F2 /* ConstraintIntegrator.cpp */; };
		71CA575119463BC30076A3F2 /* PTDetector.cpp in Sources */ = {isa = PBXBuildFile; fileRef = 71197EED190ABB18003D1E8D /* PTDetector.cpp */; };
		71CA575219463BC30076A3F2 /* IMEXIntegrator.cpp in Sources */ = {isa = PBXBuildFile; fileRef = 719B0C5118BBE9F200FB1633 /* IMEXIntegrator.cpp */; };
		71CA575319463BC30076A3F2 /* Constraint.cpp in Sources */ = {isa = PBXBuildFile; fileRef = 71CA570419420C960076A3F2 /* Constraint.cpp */; };
		71CA575419463BC30076A3F2 /* Energy.cpp in Sources */ = {isa = PBXBuildFile; fileRef = 715D32B518FC60490061154E /* Energy.cpp */; };
		71CA575519463BC30076A3F2 /* YarnBuilder.cpp in Sources */ = {isa = PBXBuildFile; fileRef = 71A93CCA192A4FF70030A80B /* YarnBuilder.cpp */; };
		71CA575719463BC30076A3F2 /* Cocoa.framework in Frameworks */ = {isa = PBXBuildFile; fileRef = 1058C7A1FEA54F0111CA2CBB /* Cocoa.framework */; };
		71CA575819463BC30076A3F2 /* OpenGL.framework in Frameworks */ = {isa = PBXBuildFile; fileRef = 0091D8F80E81B9330029341E /* OpenGL.framework */; };
		71CA575919463BC30076A3F2 /* CoreVideo.framework in Frameworks */ = {isa = PBXBuildFile; fileRef = 5323E6B10EAFCA74003A9687 /* CoreVideo.framework */; };
		71CA575B19463BC30076A3F2 /* Accelerate.framework in Frameworks */ = {isa = PBXBuildFile; fileRef = 00B784AF0FF439BC000DE1D7 /* Accelerate.framework */; };
		71CA575C19463BC30076A3F2 /* AudioToolbox.framework in Frameworks */ = {isa = PBXBuildFile; fileRef = 00B784B00FF439BC000DE1D7 /* AudioToolbox.framework */; };
		71CA575D19463BC30076A3F2 /* AudioUnit.framework in Frameworks */ = {isa = PBXBuildFile; fileRef = 00B784B10FF439BC000DE1D7 /* AudioUnit.framework */; };
		71CA575E19463BC30076A3F2 /* CoreAudio.framework in Frameworks */ = {isa = PBXBuildFile; fileRef = 00B784B20FF439BC000DE1D7 /* CoreAudio.framework */; };
		71CAE63718C78B7A002C9FD3 /* CinderApp.icns in Resources */ = {isa = PBXBuildFile; fileRef = 6E31D9CEBA884C4CB52F1690 /* CinderApp.icns */; };
		71CAE63818C78B7A002C9FD3 /* vis-vert.glsl in Resources */ = {isa = PBXBuildFile; fileRef = 71AAF9E11898425100710A16 /* vis-vert.glsl */; };
		71CAE63918C78B7A002C9FD3 /* vis-frag.glsl in Resources */ = {isa = PBXBuildFile; fileRef = 71AAF9E01898425100710A16 /* vis-frag.glsl */; };
		71CAE64218C78B7A002C9FD3 /* Cocoa.framework in Frameworks */ = {isa = PBXBuildFile; fileRef = 1058C7A1FEA54F0111CA2CBB /* Cocoa.framework */; };
		71CAE64318C78B7A002C9FD3 /* OpenGL.framework in Frameworks */ = {isa = PBXBuildFile; fileRef = 0091D8F80E81B9330029341E /* OpenGL.framework */; };
		71CAE64418C78B7A002C9FD3 /* CoreVideo.framework in Frameworks */ = {isa = PBXBuildFile; fileRef = 5323E6B10EAFCA74003A9687 /* CoreVideo.framework */; };
		71CAE64518C78B7A002C9FD3 /* QTKit.framework in Frameworks */ = {isa = PBXBuildFile; fileRef = 5323E6B50EAFCA7E003A9687 /* QTKit.framework */; };
		71CAE64618C78B7A002C9FD3 /* Accelerate.framework in Frameworks */ = {isa = PBXBuildFile; fileRef = 00B784AF0FF439BC000DE1D7 /* Accelerate.framework */; };
		71CAE64718C78B7A002C9FD3 /* AudioToolbox.framework in Frameworks */ = {isa = PBXBuildFile; fileRef = 00B784B00FF439BC000DE1D7 /* AudioToolbox.framework */; };
		71CAE64818C78B7A002C9FD3 /* AudioUnit.framework in Frameworks */ = {isa = PBXBuildFile; fileRef = 00B784B10FF439BC000DE1D7 /* AudioUnit.framework */; };
		71CAE64918C78B7A002C9FD3 /* CoreAudio.framework in Frameworks */ = {isa = PBXBuildFile; fileRef = 00B784B20FF439BC000DE1D7 /* CoreAudio.framework */; };
		71F11F84197D6DA800610630 /* Hashgrid.cpp in Sources */ = {isa = PBXBuildFile; fileRef = 71F11F82197D6DA800610630 /* Hashgrid.cpp */; };
		71F11F85197D6DA800610630 /* Hashgrid.cpp in Sources */ = {isa = PBXBuildFile; fileRef = 71F11F82197D6DA800610630 /* Hashgrid.cpp */; };
		8D11072F0486CEB800E47090 /* Cocoa.framework in Frameworks */ = {isa = PBXBuildFile; fileRef = 1058C7A1FEA54F0111CA2CBB /* Cocoa.framework */; };
		DE224DC88C8943EDA4899E54 /* CinderApp.icns in Resources */ = {isa = PBXBuildFile; fileRef = 6E31D9CEBA884C4CB52F1690 /* CinderApp.icns */; };
/* End PBXBuildFile section */

/* Begin PBXFileReference section */
		0091D8F80E81B9330029341E /* OpenGL.framework */ = {isa = PBXFileReference; lastKnownFileType = wrapper.framework; name = OpenGL.framework; path = /System/Library/Frameworks/OpenGL.framework; sourceTree = "<absolute>"; };
		00B784AF0FF439BC000DE1D7 /* Accelerate.framework */ = {isa = PBXFileReference; lastKnownFileType = wrapper.framework; name = Accelerate.framework; path = System/Library/Frameworks/Accelerate.framework; sourceTree = SDKROOT; };
		00B784B00FF439BC000DE1D7 /* AudioToolbox.framework */ = {isa = PBXFileReference; lastKnownFileType = wrapper.framework; name = AudioToolbox.framework; path = System/Library/Frameworks/AudioToolbox.framework; sourceTree = SDKROOT; };
		00B784B10FF439BC000DE1D7 /* AudioUnit.framework */ = {isa = PBXFileReference; lastKnownFileType = wrapper.framework; name = AudioUnit.framework; path = System/Library/Frameworks/AudioUnit.framework; sourceTree = SDKROOT; };
		00B784B20FF439BC000DE1D7 /* CoreAudio.framework */ = {isa = PBXFileReference; lastKnownFileType = wrapper.framework; name = CoreAudio.framework; path = System/Library/Frameworks/CoreAudio.framework; sourceTree = SDKROOT; };
		1058C7A1FEA54F0111CA2CBB /* Cocoa.framework */ = {isa = PBXFileReference; lastKnownFileType = wrapper.framework; name = Cocoa.framework; path = /System/Library/Frameworks/Cocoa.framework; sourceTree = "<absolute>"; };
		29B97324FDCFA39411CA2CEA /* AppKit.framework */ = {isa = PBXFileReference; lastKnownFileType = wrapper.framework; name = AppKit.framework; path = /System/Library/Frameworks/AppKit.framework; sourceTree = "<absolute>"; };
		29B97325FDCFA39411CA2CEA /* Foundation.framework */ = {isa = PBXFileReference; lastKnownFileType = wrapper.framework; name = Foundation.framework; path = /System/Library/Frameworks/Foundation.framework; sourceTree = "<absolute>"; };
		5323E6B10EAFCA74003A9687 /* CoreVideo.framework */ = {isa = PBXFileReference; lastKnownFileType = wrapper.framework; name = CoreVideo.framework; path = /System/Library/Frameworks/CoreVideo.framework; sourceTree = "<absolute>"; };
		5323E6B50EAFCA7E003A9687 /* QTKit.framework */ = {isa = PBXFileReference; lastKnownFileType = wrapper.framework; name = QTKit.framework; path = /System/Library/Frameworks/QTKit.framework; sourceTree = "<absolute>"; };
		55457FF66E734604AB0FECF7 /* Visualizer_Prefix.pch */ = {isa = PBXFileReference; lastKnownFileType = sourcecode.c.h; name = Visualizer_Prefix.pch; path = ../src/Visualizer/Headers/Visualizer_Prefix.pch; sourceTree = "<group>"; };
		5F70902D1A5C4662889367FC /* Resources.h */ = {isa = PBXFileReference; lastKnownFileType = sourcecode.c.h; name = Resources.h; path = ../include/Resources.h; sourceTree = "<group>"; };
		6E31D9CEBA884C4CB52F1690 /* CinderApp.icns */ = {isa = PBXFileReference; lastKnownFileType = image.icns; name = CinderApp.icns; path = ../resources/CinderApp.icns; sourceTree = "<group>"; };
		7101FBBF18595AA9008553D8 /* PosFileConv.cpp */ = {isa = PBXFileReference; fileEncoding = 4; lastKnownFileType = sourcecode.cpp.cpp; name = PosFileConv.cpp; path = ../src/Visualizer/Source/PosFileConv.cpp; sourceTree = "<group>"; };
		7101FBC018595AA9008553D8 /* PosFileConv.h */ = {isa = PBXFileReference; fileEncoding = 4; lastKnownFileType = sourcecode.c.h; name = PosFileConv.h; path = ../src/Visualizer/Headers/PosFileConv.h; sourceTree = "<group>"; };
		71197EED190ABB18003D1E8D /* PTDetector.cpp */ = {isa = PBXFileReference; fileEncoding = 4; lastKnownFileType = sourcecode.cpp.cpp; path = PTDetector.cpp; sourceTree = "<group>"; };
		71197EEE190ABB18003D1E8D /* PTDetector.h */ = {isa = PBXFileReference; fileEncoding = 4; lastKnownFileType = sourcecode.c.h; name = PTDetector.h; path = Headers/PTDetector.h; sourceTree = "<group>"; };
		71197EF11911758B003D1E8D /* sim-vert.glsl */ = {isa = PBXFileReference; fileEncoding = 4; lastKnownFileType = text; name = "sim-vert.glsl"; path = "../resources/sim-vert.glsl"; sourceTree = "<group>"; };
		71197EF4191175E6003D1E8D /* sim-frag.glsl */ = {isa = PBXFileReference; fileEncoding = 4; lastKnownFileType = text; name = "sim-frag.glsl"; path = "../resources/sim-frag.glsl"; sourceTree = "<group>"; };
		711E97E7183DE8DF00BAFB0B /* InfoPanel.cpp */ = {isa = PBXFileReference; fileEncoding = 4; lastKnownFileType = sourcecode.cpp.cpp; name = InfoPanel.cpp; path = ../src/Visualizer/Source/InfoPanel.cpp; sourceTree = "<group>"; };
		711E97E8183DE8DF00BAFB0B /* InfoPanel.h */ = {isa = PBXFileReference; fileEncoding = 4; lastKnownFileType = sourcecode.c.h; name = InfoPanel.h; path = ../src/Visualizer/Headers/InfoPanel.h; sourceTree = "<group>"; };
		71266166196EFDA1001690BB /* CrossSection.h */ = {isa = PBXFileReference; lastKnownFileType = sourcecode.c.h; name = CrossSection.h; path = Headers/CrossSection.h; sourceTree = "<group>"; };
		713EE1F3194643090010304B /* QuickTime.framework */ = {isa = PBXFileReference; lastKnownFileType = wrapper.framework; name = QuickTime.framework; path = System/Library/Frameworks/QuickTime.framework; sourceTree = SDKROOT; };
		713EE1F5194643910010304B /* Carbon.framework */ = {isa = PBXFileReference; lastKnownFileType = wrapper.framework; name = Carbon.framework; path = System/Library/Frameworks/Carbon.framework; sourceTree = SDKROOT; };
		713EE1F7194644640010304B /* QuartzCore.framework */ = {isa = PBXFileReference; lastKnownFileType = wrapper.framework; name = QuartzCore.framework; path = System/Library/Frameworks/QuartzCore.framework; sourceTree = SDKROOT; };
		713EE1F91947792A0010304B /* Integrator.h */ = {isa = PBXFileReference; lastKnownFileType = sourcecode.c.h; name = Integrator.h; path = Headers/Integrator.h; sourceTree = "<group>"; };
		713EE1FA19477E7D0010304B /* Integrator.cpp */ = {isa = PBXFileReference; fileEncoding = 4; lastKnownFileType = sourcecode.cpp.cpp; path = Integrator.cpp; sourceTree = "<group>"; };
		713EE1FF1947884E0010304B /* ExIntegrator.cpp */ = {isa = PBXFileReference; fileEncoding = 4; lastKnownFileType = sourcecode.cpp.cpp; path = ExIntegrator.cpp; sourceTree = "<group>"; };
		713EE2001947884E0010304B /* ExIntegrator.h */ = {isa = PBXFileReference; fileEncoding = 4; lastKnownFileType = sourcecode.c.h; path = ExIntegrator.h; sourceTree = "<group>"; };
		713EE202194A10340010304B /* FrameExporter.h */ = {isa = PBXFileReference; lastKnownFileType = sourcecode.c.h; path = FrameExporter.h; sourceTree = "<group>"; };
		713EE203194A24980010304B /* MovieMaker.sh */ = {isa = PBXFileReference; lastKnownFileType = text.script.sh; path = MovieMaker.sh; sourceTree = "<group>"; };
		714D11381914073F00C8B1BD /* sim-frag-tex.glsl */ = {isa = PBXFileReference; fileEncoding = 4; lastKnownFileType = text; name = "sim-frag-tex.glsl"; path = "../resources/sim-frag-tex.glsl"; sourceTree = "<group>"; };
		714D11391914073F00C8B1BD /* sim-vert-tex.glsl */ = {isa = PBXFileReference; fileEncoding = 4; lastKnownFileType = text; name = "sim-vert-tex.glsl"; path = "../resources/sim-vert-tex.glsl"; sourceTree = "<group>"; };
		714D113E1914094600C8B1BD /* yarnTex.tga */ = {isa = PBXFileReference; lastKnownFileType = file; name = yarnTex.tga; path = ../resources/yarnTex.tga; sourceTree = "<group>"; };
		714D114119140FAC00C8B1BD /* yarnTex.png */ = {isa = PBXFileReference; lastKnownFileType = image.png; name = yarnTex.png; path = ../resources/yarnTex.png; sourceTree = "<group>"; };
		715454C2187C6D4600F2C196 /* Common.h */ = {isa = PBXFileReference; lastKnownFileType = sourcecode.c.h; name = Common.h; path = ../src/Visualizer/Headers/Common.h; sourceTree = "<group>"; };
		715454C3188495D200F2C196 /* Common.cpp */ = {isa = PBXFileReference; fileEncoding = 4; lastKnownFileType = sourcecode.cpp.cpp; lineEnding = 0; name = Common.cpp; path = ../src/Visualizer/Source/Common.cpp; sourceTree = "<group>"; xcLanguageSpecificationIdentifier = xcode.lang.cpp; };
		715D32B518FC60490061154E /* Energy.cpp */ = {isa = PBXFileReference; fileEncoding = 4; lastKnownFileType = sourcecode.cpp.cpp; path = Energy.cpp; sourceTree = "<group>"; };
		715D608F18A95941008A9785 /* Cocoa.framework */ = {isa = PBXFileReference; lastKnownFileType = wrapper.framework; name = Cocoa.framework; path = System/Library/Frameworks/Cocoa.framework; sourceTree = SDKROOT; };
		715D609118A95941008A9785 /* CoreData.framework */ = {isa = PBXFileReference; lastKnownFileType = wrapper.framework; name = CoreData.framework; path = System/Library/Frameworks/CoreData.framework; sourceTree = SDKROOT; };
		715D60AB18A95941008A9785 /* XCTest.framework */ = {isa = PBXFileReference; lastKnownFileType = wrapper.framework; name = XCTest.framework; path = Library/Frameworks/XCTest.framework; sourceTree = DEVELOPER_DIR; };
		715D60CB18ABEC77008A9785 /* Yarn.h */ = {isa = PBXFileReference; fileEncoding = 4; lastKnownFileType = sourcecode.c.h; name = Yarn.h; path = Headers/Yarn.h; sourceTree = "<group>"; };
		715D60CE18AD553C008A9785 /* Constants.h */ = {isa = PBXFileReference; lastKnownFileType = sourcecode.c.h; name = Constants.h; path = Headers/Constants.h; sourceTree = "<group>"; };
		717DD766188EF95E00D3BFA2 /* Compressor.cpp */ = {isa = PBXFileReference; fileEncoding = 4; lastKnownFileType = sourcecode.cpp.cpp; name = Compressor.cpp; path = ../src/Visualizer/Source/Compressor.cpp; sourceTree = "<group>"; };
		717DD767188EF95E00D3BFA2 /* Compressor.h */ = {isa = PBXFileReference; fileEncoding = 4; lastKnownFileType = sourcecode.c.h; name = Compressor.h; path = ../src/Visualizer/Headers/Compressor.h; sourceTree = "<group>"; };
		7181B510198054FB005C3EBB /* BEMSolver.cpp */ = {isa = PBXFileReference; fileEncoding = 4; lastKnownFileType = sourcecode.cpp.cpp; path = BEMSolver.cpp; sourceTree = "<group>"; };
		7181B511198054FB005C3EBB /* BEMSolver.h */ = {isa = PBXFileReference; fileEncoding = 4; lastKnownFileType = sourcecode.c.h; path = BEMSolver.h; sourceTree = "<group>"; };
		719B0C4F18BBDD7100FB1633 /* IMEXIntegrator.h */ = {isa = PBXFileReference; lastKnownFileType = sourcecode.c.h; name = IMEXIntegrator.h; path = Headers/IMEXIntegrator.h; sourceTree = "<group>"; };
		719B0C5018BBDDC000FB1633 /* Clock.h */ = {isa = PBXFileReference; lastKnownFileType = sourcecode.c.h; name = Clock.h; path = Headers/Clock.h; sourceTree = "<group>"; };
		719B0C5118BBE9F200FB1633 /* IMEXIntegrator.cpp */ = {isa = PBXFileReference; fileEncoding = 4; lastKnownFileType = sourcecode.cpp.cpp; path = IMEXIntegrator.cpp; sourceTree = "<group>"; };
		719B0C5318BBEB9400FB1633 /* Util.h */ = {isa = PBXFileReference; lastKnownFileType = sourcecode.c.h; name = Util.h; path = Headers/Util.h; sourceTree = "<group>"; };
		719B0C5718BD51CB00FB1633 /* autodiff.h */ = {isa = PBXFileReference; lastKnownFileType = sourcecode.c.h; name = autodiff.h; path = Headers/autodiff.h; sourceTree = "<group>"; };
		71A93CCA192A4FF70030A80B /* YarnBuilder.cpp */ = {isa = PBXFileReference; fileEncoding = 4; lastKnownFileType = sourcecode.cpp.cpp; path = YarnBuilder.cpp; sourceTree = "<group>"; };
		71A93CCB192A4FF70030A80B /* YarnBuilder.h */ = {isa = PBXFileReference; fileEncoding = 4; lastKnownFileType = sourcecode.c.h; name = YarnBuilder.h; path = Headers/YarnBuilder.h; sourceTree = "<group>"; };
		71AAF9DD1896EB8D00710A16 /* Decompressor.cpp */ = {isa = PBXFileReference; fileEncoding = 4; lastKnownFileType = sourcecode.cpp.cpp; name = Decompressor.cpp; path = ../src/Visualizer/Source/Decompressor.cpp; sourceTree = "<group>"; };
		71AAF9DE1896EB8D00710A16 /* Decompressor.h */ = {isa = PBXFileReference; fileEncoding = 4; lastKnownFileType = sourcecode.c.h; name = Decompressor.h; path = ../src/Visualizer/Headers/Decompressor.h; sourceTree = "<group>"; };
		71AAF9E01898425100710A16 /* vis-frag.glsl */ = {isa = PBXFileReference; fileEncoding = 4; lastKnownFileType = text; name = "vis-frag.glsl"; path = "../resources/vis-frag.glsl"; sourceTree = "<group>"; };
		71AAF9E11898425100710A16 /* vis-vert.glsl */ = {isa = PBXFileReference; fileEncoding = 4; lastKnownFileType = text; name = "vis-vert.glsl"; path = "../resources/vis-vert.glsl"; sourceTree = "<group>"; };
		71CA57001940E6930076A3F2 /* Macros.h */ = {isa = PBXFileReference; lastKnownFileType = sourcecode.c.h; name = Macros.h; path = Headers/Macros.h; sourceTree = "<group>"; };
		71CA570119420BD80076A3F2 /* ConstraintIntegrator.cpp */ = {isa = PBXFileReference; fileEncoding = 4; lastKnownFileType = sourcecode.cpp.cpp; path = ConstraintIntegrator.cpp; sourceTree = "<group>"; };
		71CA570219420BD80076A3F2 /* ConstraintIntegrator.h */ = {isa = PBXFileReference; fileEncoding = 4; lastKnownFileType = sourcecode.c.h; name = ConstraintIntegrator.h; path = Headers/ConstraintIntegrator.h; sourceTree = "<group>"; };
		71CA570419420C960076A3F2 /* Constraint.cpp */ = {isa = PBXFileReference; fileEncoding = 4; lastKnownFileType = sourcecode.cpp.cpp; path = Constraint.cpp; sourceTree = "<group>"; };
		71CA570519420C960076A3F2 /* Constraint.h */ = {isa = PBXFileReference; fileEncoding = 4; lastKnownFileType = sourcecode.c.h; name = Constraint.h; path = Headers/Constraint.h; sourceTree = "<group>"; };
		71CA573A19463A870076A3F2 /* RodSoundApp.h */ = {isa = PBXFileReference; fileEncoding = 4; lastKnownFileType = sourcecode.c.h; path = RodSoundApp.h; sourceTree = "<group>"; };
		71CA573C19463A870076A3F2 /* RodSoundApp.cpp */ = {isa = PBXFileReference; fileEncoding = 4; lastKnownFileType = sourcecode.cpp.cpp; path = RodSoundApp.cpp; sourceTree = "<group>"; };
		71CA573E19463B830076A3F2 /* OpenGL.framework */ = {isa = PBXFileReference; lastKnownFileType = wrapper.framework; name = OpenGL.framework; path = System/Library/Frameworks/OpenGL.framework; sourceTree = SDKROOT; };
		71CA574019463B9C0076A3F2 /* CoreVideo.framework */ = {isa = PBXFileReference; lastKnownFileType = wrapper.framework; name = CoreVideo.framework; path = System/Library/Frameworks/CoreVideo.framework; sourceTree = SDKROOT; };
		71CA574219463BA20076A3F2 /* QTKit.framework */ = {isa = PBXFileReference; lastKnownFileType = wrapper.framework; name = QTKit.framework; path = System/Library/Frameworks/QTKit.framework; sourceTree = SDKROOT; };
		71CA576219463BC30076A3F2 /* RodSound.app */ = {isa = PBXFileReference; explicitFileType = wrapper.application; includeInIndex = 0; path = RodSound.app; sourceTree = BUILT_PRODUCTS_DIR; };
		71CA576319463BC30076A3F2 /* RodSound-Info.plist */ = {isa = PBXFileReference; lastKnownFileType = text.plist.xml; name = "RodSound-Info.plist"; path = "/Users/eschweickart/Research/Visualizer/resources/RodSound-Info.plist"; sourceTree = "<absolute>"; };
		71CAE64D18C78B7A002C9FD3 /* Simulator.app */ = {isa = PBXFileReference; explicitFileType = wrapper.application; includeInIndex = 0; path = Simulator.app; sourceTree = BUILT_PRODUCTS_DIR; };
		71CAE64E18C78B7B002C9FD3 /* Simulator-Info.plist */ = {isa = PBXFileReference; lastKnownFileType = text.plist.xml; name = "Simulator-Info.plist"; path = "/Users/eschweickart/Research/Visualizer/resources/Simulator-Info.plist"; sourceTree = "<absolute>"; };
		71CAE65218C78CB7002C9FD3 /* Simulator_Prefix.pch */ = {isa = PBXFileReference; lastKnownFileType = sourcecode.c.h; name = Simulator_Prefix.pch; path = Headers/Simulator_Prefix.pch; sourceTree = "<group>"; };
		71CAE65318C78D7E002C9FD3 /* SimulatorApp.cpp */ = {isa = PBXFileReference; fileEncoding = 4; lastKnownFileType = sourcecode.cpp.cpp; path = SimulatorApp.cpp; sourceTree = "<group>"; };
		71CAE65418C78D7E002C9FD3 /* SimulatorApp.h */ = {isa = PBXFileReference; fileEncoding = 4; lastKnownFileType = sourcecode.c.h; name = SimulatorApp.h; path = Headers/SimulatorApp.h; sourceTree = "<group>"; };
		71F11F82197D6DA800610630 /* Hashgrid.cpp */ = {isa = PBXFileReference; fileEncoding = 4; lastKnownFileType = sourcecode.cpp.cpp; path = Hashgrid.cpp; sourceTree = "<group>"; };
		71F11F83197D6DA800610630 /* Hashgrid.h */ = {isa = PBXFileReference; fileEncoding = 4; lastKnownFileType = sourcecode.c.h; name = Hashgrid.h; path = Headers/Hashgrid.h; sourceTree = "<group>"; };
		71F2BF0218CA58DD001AA0D4 /* Energy.h */ = {isa = PBXFileReference; lastKnownFileType = sourcecode.c.h; name = Energy.h; path = Headers/Energy.h; sourceTree = "<group>"; };
		7F945C3F150C458FB3352920 /* VisualizerApp.cpp */ = {isa = PBXFileReference; lastKnownFileType = sourcecode.cpp.cpp; lineEnding = 0; name = VisualizerApp.cpp; path = ../src/Visualizer/Source/VisualizerApp.cpp; sourceTree = "<group>"; xcLanguageSpecificationIdentifier = xcode.lang.cpp; };
		8D1107320486CEB800E47090 /* Visualizer.app */ = {isa = PBXFileReference; explicitFileType = wrapper.application; includeInIndex = 0; path = Visualizer.app; sourceTree = BUILT_PRODUCTS_DIR; };
		BB0A1373225F4D5196F608BC /* Info.plist */ = {isa = PBXFileReference; lastKnownFileType = text.plist.xml; name = Info.plist; path = ../resources/Info.plist; sourceTree = "<group>"; };
/* End PBXFileReference section */

/* Begin PBXFrameworksBuildPhase section */
		71CA575619463BC30076A3F2 /* Frameworks */ = {
			isa = PBXFrameworksBuildPhase;
			buildActionMask = 2147483647;
			files = (
				71CA575719463BC30076A3F2 /* Cocoa.framework in Frameworks */,
				71CA575819463BC30076A3F2 /* OpenGL.framework in Frameworks */,
				713EE1F6194643910010304B /* Carbon.framework in Frameworks */,
				71CA575919463BC30076A3F2 /* CoreVideo.framework in Frameworks */,
				71CA575B19463BC30076A3F2 /* Accelerate.framework in Frameworks */,
				71CA575C19463BC30076A3F2 /* AudioToolbox.framework in Frameworks */,
				71CA575D19463BC30076A3F2 /* AudioUnit.framework in Frameworks */,
				71CA575E19463BC30076A3F2 /* CoreAudio.framework in Frameworks */,
				713EE204194B5A810010304B /* QTKit.framework in Frameworks */,
				713EE1F8194644640010304B /* QuartzCore.framework in Frameworks */,
			);
			runOnlyForDeploymentPostprocessing = 0;
		};
		71CAE64118C78B7A002C9FD3 /* Frameworks */ = {
			isa = PBXFrameworksBuildPhase;
			buildActionMask = 2147483647;
			files = (
				71CAE64218C78B7A002C9FD3 /* Cocoa.framework in Frameworks */,
				71CAE64318C78B7A002C9FD3 /* OpenGL.framework in Frameworks */,
				71CAE64418C78B7A002C9FD3 /* CoreVideo.framework in Frameworks */,
				71CAE64518C78B7A002C9FD3 /* QTKit.framework in Frameworks */,
				71CAE64618C78B7A002C9FD3 /* Accelerate.framework in Frameworks */,
				71CAE64718C78B7A002C9FD3 /* AudioToolbox.framework in Frameworks */,
				71CAE64818C78B7A002C9FD3 /* AudioUnit.framework in Frameworks */,
				71CAE64918C78B7A002C9FD3 /* CoreAudio.framework in Frameworks */,
			);
			runOnlyForDeploymentPostprocessing = 0;
		};
		8D11072E0486CEB800E47090 /* Frameworks */ = {
			isa = PBXFrameworksBuildPhase;
			buildActionMask = 2147483647;
			files = (
				8D11072F0486CEB800E47090 /* Cocoa.framework in Frameworks */,
				0091D8F90E81B9330029341E /* OpenGL.framework in Frameworks */,
				5323E6B20EAFCA74003A9687 /* CoreVideo.framework in Frameworks */,
				5323E6B60EAFCA7E003A9687 /* QTKit.framework in Frameworks */,
				00B784B30FF439BC000DE1D7 /* Accelerate.framework in Frameworks */,
				00B784B40FF439BC000DE1D7 /* AudioToolbox.framework in Frameworks */,
				00B784B50FF439BC000DE1D7 /* AudioUnit.framework in Frameworks */,
				00B784B60FF439BC000DE1D7 /* CoreAudio.framework in Frameworks */,
			);
			runOnlyForDeploymentPostprocessing = 0;
		};
/* End PBXFrameworksBuildPhase section */

/* Begin PBXGroup section */
		01B97315FEAEA392516A2CEA /* Blocks */ = {
			isa = PBXGroup;
			children = (
			);
			name = Blocks;
			sourceTree = "<group>";
		};
		080E96DDFE201D6D7F000001 /* Source */ = {
			isa = PBXGroup;
			children = (
				7F945C3F150C458FB3352920 /* VisualizerApp.cpp */,
				71AAF9DD1896EB8D00710A16 /* Decompressor.cpp */,
				715454C3188495D200F2C196 /* Common.cpp */,
				717DD766188EF95E00D3BFA2 /* Compressor.cpp */,
				7101FBBF18595AA9008553D8 /* PosFileConv.cpp */,
				711E97E7183DE8DF00BAFB0B /* InfoPanel.cpp */,
			);
			name = Source;
			sourceTree = "<group>";
		};
		1058C7A0FEA54F0111CA2CBB /* Linked Frameworks */ = {
			isa = PBXGroup;
			children = (
				00B784AF0FF439BC000DE1D7 /* Accelerate.framework */,
				00B784B00FF439BC000DE1D7 /* AudioToolbox.framework */,
				00B784B10FF439BC000DE1D7 /* AudioUnit.framework */,
				00B784B20FF439BC000DE1D7 /* CoreAudio.framework */,
				5323E6B50EAFCA7E003A9687 /* QTKit.framework */,
				5323E6B10EAFCA74003A9687 /* CoreVideo.framework */,
				0091D8F80E81B9330029341E /* OpenGL.framework */,
				1058C7A1FEA54F0111CA2CBB /* Cocoa.framework */,
			);
			name = "Linked Frameworks";
			sourceTree = "<group>";
		};
		1058C7A2FEA54F0111CA2CBB /* Other Frameworks */ = {
			isa = PBXGroup;
			children = (
				29B97324FDCFA39411CA2CEA /* AppKit.framework */,
				29B97325FDCFA39411CA2CEA /* Foundation.framework */,
				715D609118A95941008A9785 /* CoreData.framework */,
			);
			name = "Other Frameworks";
			sourceTree = "<group>";
		};
		19C28FACFE9D520D11CA2CBB /* Products */ = {
			isa = PBXGroup;
			children = (
				8D1107320486CEB800E47090 /* Visualizer.app */,
				71CAE64D18C78B7A002C9FD3 /* Simulator.app */,
				71CA576219463BC30076A3F2 /* RodSound.app */,
			);
			name = Products;
			sourceTree = "<group>";
		};
		29B97314FDCFA39411CA2CEA /* Visualizer */ = {
			isa = PBXGroup;
			children = (
				71CA573819463A870076A3F2 /* RodSound */,
				715D609218A95941008A9785 /* Simulator */,
				719B0C4E18B7DE4A00FB1633 /* Visualizer */,
				01B97315FEAEA392516A2CEA /* Blocks */,
				29B97317FDCFA39411CA2CEA /* Resources */,
				29B97323FDCFA39411CA2CEA /* Frameworks */,
				19C28FACFE9D520D11CA2CBB /* Products */,
			);
			name = Visualizer;
			sourceTree = "<group>";
		};
		29B97315FDCFA39411CA2CEA /* Headers */ = {
			isa = PBXGroup;
			children = (
				717DD767188EF95E00D3BFA2 /* Compressor.h */,
				711E97E8183DE8DF00BAFB0B /* InfoPanel.h */,
				7101FBC018595AA9008553D8 /* PosFileConv.h */,
				5F70902D1A5C4662889367FC /* Resources.h */,
				71AAF9DE1896EB8D00710A16 /* Decompressor.h */,
				715454C2187C6D4600F2C196 /* Common.h */,
				55457FF66E734604AB0FECF7 /* Visualizer_Prefix.pch */,
			);
			name = Headers;
			sourceTree = "<group>";
		};
		29B97317FDCFA39411CA2CEA /* Resources */ = {
			isa = PBXGroup;
			children = (
				71CA576319463BC30076A3F2 /* RodSound-Info.plist */,
				71CAE64E18C78B7B002C9FD3 /* Simulator-Info.plist */,
				714D114119140FAC00C8B1BD /* yarnTex.png */,
				714D113E1914094600C8B1BD /* yarnTex.tga */,
				714D11381914073F00C8B1BD /* sim-frag-tex.glsl */,
				714D11391914073F00C8B1BD /* sim-vert-tex.glsl */,
				71197EF11911758B003D1E8D /* sim-vert.glsl */,
				71197EF4191175E6003D1E8D /* sim-frag.glsl */,
				71AAF9E01898425100710A16 /* vis-frag.glsl */,
				71AAF9E11898425100710A16 /* vis-vert.glsl */,
				6E31D9CEBA884C4CB52F1690 /* CinderApp.icns */,
				BB0A1373225F4D5196F608BC /* Info.plist */,
			);
			name = Resources;
			sourceTree = "<group>";
		};
		29B97323FDCFA39411CA2CEA /* Frameworks */ = {
			isa = PBXGroup;
			children = (
				713EE1F7194644640010304B /* QuartzCore.framework */,
				713EE1F5194643910010304B /* Carbon.framework */,
				713EE1F3194643090010304B /* QuickTime.framework */,
				71CA574219463BA20076A3F2 /* QTKit.framework */,
				71CA574019463B9C0076A3F2 /* CoreVideo.framework */,
				71CA573E19463B830076A3F2 /* OpenGL.framework */,
				1058C7A0FEA54F0111CA2CBB /* Linked Frameworks */,
				715D608F18A95941008A9785 /* Cocoa.framework */,
				715D60AB18A95941008A9785 /* XCTest.framework */,
				1058C7A2FEA54F0111CA2CBB /* Other Frameworks */,
			);
			name = Frameworks;
			sourceTree = "<group>";
		};
		715D609218A95941008A9785 /* Simulator */ = {
			isa = PBXGroup;
			children = (
				715D60C118ABE9D6008A9785 /* Headers */,
				715D60C218ABE9E2008A9785 /* Source */,
			);
			name = Simulator;
			path = ../src/Simulator;
			sourceTree = "<group>";
		};
		715D60C118ABE9D6008A9785 /* Headers */ = {
			isa = PBXGroup;
			children = (
				719B0C5718BD51CB00FB1633 /* autodiff.h */,
				719B0C5018BBDDC000FB1633 /* Clock.h */,
				715D60CE18AD553C008A9785 /* Constants.h */,
				71CA570519420C960076A3F2 /* Constraint.h */,
				71CA570219420BD80076A3F2 /* ConstraintIntegrator.h */,
				71266166196EFDA1001690BB /* CrossSection.h */,
				71F2BF0218CA58DD001AA0D4 /* Energy.h */,
				71F11F83197D6DA800610630 /* Hashgrid.h */,
				719B0C4F18BBDD7100FB1633 /* IMEXIntegrator.h */,
				713EE1F91947792A0010304B /* Integrator.h */,
				71CA57001940E6930076A3F2 /* Macros.h */,
				71197EEE190ABB18003D1E8D /* PTDetector.h */,
				71CAE65218C78CB7002C9FD3 /* Simulator_Prefix.pch */,
				71CAE65418C78D7E002C9FD3 /* SimulatorApp.h */,
				719B0C5318BBEB9400FB1633 /* Util.h */,
				715D60CB18ABEC77008A9785 /* Yarn.h */,
				71A93CCB192A4FF70030A80B /* YarnBuilder.h */,
			);
			name = Headers;
			sourceTree = "<group>";
		};
		715D60C218ABE9E2008A9785 /* Source */ = {
			isa = PBXGroup;
			children = (
				71CA570419420C960076A3F2 /* Constraint.cpp */,
				71CA570119420BD80076A3F2 /* ConstraintIntegrator.cpp */,
				715D32B518FC60490061154E /* Energy.cpp */,
				71F11F82197D6DA800610630 /* Hashgrid.cpp */,
				719B0C5118BBE9F200FB1633 /* IMEXIntegrator.cpp */,
				713EE1FA19477E7D0010304B /* Integrator.cpp */,
				71197EED190ABB18003D1E8D /* PTDetector.cpp */,
				71CAE65318C78D7E002C9FD3 /* SimulatorApp.cpp */,
				71A93CCA192A4FF70030A80B /* YarnBuilder.cpp */,
			);
			path = Source;
			sourceTree = "<group>";
		};
		719B0C4E18B7DE4A00FB1633 /* Visualizer */ = {
			isa = PBXGroup;
			children = (
				29B97315FDCFA39411CA2CEA /* Headers */,
				080E96DDFE201D6D7F000001 /* Source */,
			);
			name = Visualizer;
			sourceTree = "<group>";
		};
		71CA573819463A870076A3F2 /* RodSound */ = {
			isa = PBXGroup;
			children = (
				71CA573919463A870076A3F2 /* Headers */,
				71CA573B19463A870076A3F2 /* Source */,
			);
			name = RodSound;
			path = ../src/RodSound;
			sourceTree = "<group>";
		};
		71CA573919463A870076A3F2 /* Headers */ = {
			isa = PBXGroup;
			children = (
				7181B511198054FB005C3EBB /* BEMSolver.h */,
				713EE2001947884E0010304B /* ExIntegrator.h */,
				713EE202194A10340010304B /* FrameExporter.h */,
				71CA573A19463A870076A3F2 /* RodSoundApp.h */,
			);
			path = Headers;
			sourceTree = "<group>";
		};
		71CA573B19463A870076A3F2 /* Source */ = {
			isa = PBXGroup;
			children = (
				7181B510198054FB005C3EBB /* BEMSolver.cpp */,
				713EE1FF1947884E0010304B /* ExIntegrator.cpp */,
				71CA573C19463A870076A3F2 /* RodSoundApp.cpp */,
				713EE203194A24980010304B /* MovieMaker.sh */,
			);
			path = Source;
			sourceTree = "<group>";
		};
/* End PBXGroup section */

/* Begin PBXNativeTarget section */
		71CA574419463BC30076A3F2 /* RodSound */ = {
			isa = PBXNativeTarget;
			buildConfigurationList = 71CA575F19463BC30076A3F2 /* Build configuration list for PBXNativeTarget "RodSound" */;
			buildPhases = (
				71CA574519463BC30076A3F2 /* Resources */,
				71CA574E19463BC30076A3F2 /* Sources */,
				71CA575619463BC30076A3F2 /* Frameworks */,
			);
			buildRules = (
			);
			dependencies = (
			);
			name = RodSound;
			productInstallPath = "$(HOME)/Applications";
			productName = Visualizer;
			productReference = 71CA576219463BC30076A3F2 /* RodSound.app */;
			productType = "com.apple.product-type.application";
		};
		71CAE63518C78B7A002C9FD3 /* Simulator */ = {
			isa = PBXNativeTarget;
			buildConfigurationList = 71CAE64A18C78B7A002C9FD3 /* Build configuration list for PBXNativeTarget "Simulator" */;
			buildPhases = (
				71CAE63618C78B7A002C9FD3 /* Resources */,
				71CAE63A18C78B7A002C9FD3 /* Sources */,
				71CAE64118C78B7A002C9FD3 /* Frameworks */,
			);
			buildRules = (
			);
			dependencies = (
			);
			name = Simulator;
			productInstallPath = "$(HOME)/Applications";
			productName = Visualizer;
			productReference = 71CAE64D18C78B7A002C9FD3 /* Simulator.app */;
			productType = "com.apple.product-type.application";
		};
		8D1107260486CEB800E47090 /* Visualizer */ = {
			isa = PBXNativeTarget;
			buildConfigurationList = C01FCF4A08A954540054247B /* Build configuration list for PBXNativeTarget "Visualizer" */;
			buildPhases = (
				8D1107290486CEB800E47090 /* Resources */,
				8D11072C0486CEB800E47090 /* Sources */,
				8D11072E0486CEB800E47090 /* Frameworks */,
			);
			buildRules = (
			);
			dependencies = (
			);
			name = Visualizer;
			productInstallPath = "$(HOME)/Applications";
			productName = Visualizer;
			productReference = 8D1107320486CEB800E47090 /* Visualizer.app */;
			productType = "com.apple.product-type.application";
		};
/* End PBXNativeTarget section */

/* Begin PBXProject section */
		29B97313FDCFA39411CA2CEA /* Project object */ = {
			isa = PBXProject;
			attributes = {
				LastUpgradeCheck = 0500;
			};
			buildConfigurationList = C01FCF4E08A954540054247B /* Build configuration list for PBXProject "Visualizer" */;
			compatibilityVersion = "Xcode 3.2";
			developmentRegion = English;
			hasScannedForEncodings = 1;
			knownRegions = (
				English,
				Japanese,
				French,
				German,
				en,
				Base,
			);
			mainGroup = 29B97314FDCFA39411CA2CEA /* Visualizer */;
			projectDirPath = "";
			projectRoot = "";
			targets = (
				8D1107260486CEB800E47090 /* Visualizer */,
				71CAE63518C78B7A002C9FD3 /* Simulator */,
				71CA574419463BC30076A3F2 /* RodSound */,
			);
		};
/* End PBXProject section */

/* Begin PBXResourcesBuildPhase section */
		71CA574519463BC30076A3F2 /* Resources */ = {
			isa = PBXResourcesBuildPhase;
			buildActionMask = 2147483647;
			files = (
				71CA574619463BC30076A3F2 /* yarnTex.png in Resources */,
				71CA574719463BC30076A3F2 /* sim-frag-tex.glsl in Resources */,
				71CA574819463BC30076A3F2 /* sim-vert-tex.glsl in Resources */,
				71CA574919463BC30076A3F2 /* CinderApp.icns in Resources */,
				71CA574A19463BC30076A3F2 /* vis-vert.glsl in Resources */,
				71CA574B19463BC30076A3F2 /* sim-vert.glsl in Resources */,
				71CA574C19463BC30076A3F2 /* sim-frag.glsl in Resources */,
				71CA574D19463BC30076A3F2 /* vis-frag.glsl in Resources */,
			);
			runOnlyForDeploymentPostprocessing = 0;
		};
		71CAE63618C78B7A002C9FD3 /* Resources */ = {
			isa = PBXResourcesBuildPhase;
			buildActionMask = 2147483647;
			files = (
				714D114319140FBE00C8B1BD /* yarnTex.png in Resources */,
				714D113C191407FF00C8B1BD /* sim-frag-tex.glsl in Resources */,
				714D113D191407FF00C8B1BD /* sim-vert-tex.glsl in Resources */,
				71CAE63718C78B7A002C9FD3 /* CinderApp.icns in Resources */,
				71CAE63818C78B7A002C9FD3 /* vis-vert.glsl in Resources */,
				71197EF31911758B003D1E8D /* sim-vert.glsl in Resources */,
				71197EF6191175E6003D1E8D /* sim-frag.glsl in Resources */,
				71CAE63918C78B7A002C9FD3 /* vis-frag.glsl in Resources */,
			);
			runOnlyForDeploymentPostprocessing = 0;
		};
		8D1107290486CEB800E47090 /* Resources */ = {
			isa = PBXResourcesBuildPhase;
			buildActionMask = 2147483647;
			files = (
				DE224DC88C8943EDA4899E54 /* CinderApp.icns in Resources */,
				714D113A1914073F00C8B1BD /* sim-frag-tex.glsl in Resources */,
				71AAF9E31898425100710A16 /* vis-vert.glsl in Resources */,
				714D113B1914073F00C8B1BD /* sim-vert-tex.glsl in Resources */,
				714D114219140FAC00C8B1BD /* yarnTex.png in Resources */,
				714D113F1914094600C8B1BD /* yarnTex.tga in Resources */,
				71AAF9E21898425100710A16 /* vis-frag.glsl in Resources */,
			);
			runOnlyForDeploymentPostprocessing = 0;
		};
/* End PBXResourcesBuildPhase section */

/* Begin PBXSourcesBuildPhase section */
		71CA574E19463BC30076A3F2 /* Sources */ = {
			isa = PBXSourcesBuildPhase;
			buildActionMask = 2147483647;
			files = (
				713EE1F219463DC30010304B /* RodSoundApp.cpp in Sources */,
				71CA575019463BC30076A3F2 /* ConstraintIntegrator.cpp in Sources */,
				71CA575119463BC30076A3F2 /* PTDetector.cpp in Sources */,
				71CA575219463BC30076A3F2 /* IMEXIntegrator.cpp in Sources */,
				71CA575319463BC30076A3F2 /* Constraint.cpp in Sources */,
				7181B512198054FB005C3EBB /* BEMSolver.cpp in Sources */,
				71CA575419463BC30076A3F2 /* Energy.cpp in Sources */,
				713EE1FE19477EBC0010304B /* Integrator.cpp in Sources */,
				71CA575519463BC30076A3F2 /* YarnBuilder.cpp in Sources */,
				713EE2011947884E0010304B /* ExIntegrator.cpp in Sources */,
			);
			runOnlyForDeploymentPostprocessing = 0;
		};
		71CAE63A18C78B7A002C9FD3 /* Sources */ = {
			isa = PBXSourcesBuildPhase;
			buildActionMask = 2147483647;
			files = (
				719F3A95193E71B30096FC24 /* SimulatorApp.cpp in Sources */,
				71CA570319420BD80076A3F2 /* ConstraintIntegrator.cpp in Sources */,
				719F3A96193E71B30096FC24 /* PTDetector.cpp in Sources */,
				719F3A97193E71B30096FC24 /* IMEXIntegrator.cpp in Sources */,
				71CA570619420C960076A3F2 /* Constraint.cpp in Sources */,
				719F3A98193E71B30096FC24 /* Energy.cpp in Sources */,
				713EE1FD19477EBB0010304B /* Integrator.cpp in Sources */,
				719F3A99193E71B30096FC24 /* YarnBuilder.cpp in Sources */,
				71F11F85197D6DA800610630 /* Hashgrid.cpp in Sources */,
			);
			runOnlyForDeploymentPostprocessing = 0;
		};
		8D11072C0486CEB800E47090 /* Sources */ = {
			isa = PBXSourcesBuildPhase;
			buildActionMask = 2147483647;
			files = (
				7116A445193E64FD006278C8 /* VisualizerApp.cpp in Sources */,
				71AAF9DF1896EB8D00710A16 /* Decompressor.cpp in Sources */,
				717DD768188EF95E00D3BFA2 /* Compressor.cpp in Sources */,
				7101FBC118595AA9008553D8 /* PosFileConv.cpp in Sources */,
				715454C4188495D300F2C196 /* Common.cpp in Sources */,
				711E97E9183DE8DF00BAFB0B /* InfoPanel.cpp in Sources */,
				71F11F84197D6DA800610630 /* Hashgrid.cpp in Sources */,
			);
			runOnlyForDeploymentPostprocessing = 0;
		};
/* End PBXSourcesBuildPhase section */

/* Begin XCBuildConfiguration section */
		71CA576019463BC30076A3F2 /* Debug */ = {
			isa = XCBuildConfiguration;
			buildSettings = {
				ALWAYS_SEARCH_USER_PATHS = NO;
				CINDER_PATH = /Users/eschweickart/cinder/cinder_master;
				CLANG_CXX_LIBRARY = "libc++";
				COMBINE_HIDPI_IMAGES = YES;
				COPY_PHASE_STRIP = NO;
				DEAD_CODE_STRIPPING = YES;
				GCC_DYNAMIC_NO_PIC = NO;
				GCC_INLINES_ARE_PRIVATE_EXTERN = YES;
				GCC_OPTIMIZATION_LEVEL = 0;
				GCC_PRECOMPILE_PREFIX_HEADER = YES;
				GCC_PREFIX_HEADER = ../src/Simulator/headers/Simulator_Prefix.pch;
				GCC_PREPROCESSOR_DEFINITIONS = (
					"DEBUG=1",
					"$(inherited)",
				);
				GCC_SYMBOLS_PRIVATE_EXTERN = NO;
				HEADER_SEARCH_PATHS = "\"$(CINDER_PATH)/boost\"";
				INFOPLIST_FILE = "../resources/RodSound-Info.plist";
				INSTALL_PATH = "$(HOME)/Applications";
				LIBRARY_SEARCH_PATHS = "\"/Users/eschweickart/boost/lib\"";
				MACOSX_DEPLOYMENT_TARGET = 10.9;
				OTHER_LDFLAGS = (
					"\"/Users/eschweickart/boost/lib/libboost_system.a\"",
					"\"/Users/eschweickart/boost/lib/libboost_chrono.a\"",
					"\"/Users/eschweickart/boost/lib/libboost_date_time.a\"",
					"\"/Users/eschweickart/boost/lib/libboost_thread.a\"",
					"\"$(CINDER_PATH)/lib/libcinder_d.a\"",
				);
				PRODUCT_NAME = RodSound;
				SDKROOT = macosx;
				SYMROOT = ../build;
				USER_HEADER_SEARCH_PATHS = "\"$(CINDER_PATH)/include\" ../include";
				WRAPPER_EXTENSION = app;
			};
			name = Debug;
		};
		71CA576119463BC30076A3F2 /* Release */ = {
			isa = XCBuildConfiguration;
			buildSettings = {
				ALWAYS_SEARCH_USER_PATHS = NO;
				CINDER_PATH = /Users/eschweickart/cinder/cinder_master;
				CLANG_CXX_LIBRARY = "libc++";
				COMBINE_HIDPI_IMAGES = YES;
				COPY_PHASE_STRIP = YES;
				DEAD_CODE_STRIPPING = YES;
				DEBUG_INFORMATION_FORMAT = "dwarf-with-dsym";
				GCC_FAST_MATH = YES;
				GCC_GENERATE_DEBUGGING_SYMBOLS = NO;
				GCC_INLINES_ARE_PRIVATE_EXTERN = YES;
				GCC_OPTIMIZATION_LEVEL = 3;
				GCC_PRECOMPILE_PREFIX_HEADER = YES;
				GCC_PREFIX_HEADER = ../src/Simulator/headers/Simulator_Prefix.pch;
				GCC_SYMBOLS_PRIVATE_EXTERN = NO;
				GCC_UNROLL_LOOPS = YES;
				HEADER_SEARCH_PATHS = "\"$(CINDER_PATH)/boost\"";
				INFOPLIST_FILE = "../resources/RodSound-Info.plist";
				INSTALL_PATH = "$(HOME)/Applications";
				LIBRARY_SEARCH_PATHS = "\"/Users/eschweickart/boost/lib\"";
				LLVM_LTO = YES;
				MACOSX_DEPLOYMENT_TARGET = 10.9;
				OTHER_LDFLAGS = (
					"\"/Users/eschweickart/boost/lib/libboost_system.a\"",
					"\"/Users/eschweickart/boost/lib/libboost_chrono.a\"",
					"\"/Users/eschweickart/boost/lib/libboost_date_time.a\"",
					"\"/Users/eschweickart/boost/lib/libboost_thread.a\"",
					"\"$(CINDER_PATH)/lib/libcinder.a\"",
				);
				PRODUCT_NAME = RodSound;
				SDKROOT = macosx;
				STRIP_INSTALLED_PRODUCT = YES;
				SYMROOT = ../build;
				USER_HEADER_SEARCH_PATHS = "\"$(CINDER_PATH)/include\" ../include";
				WRAPPER_EXTENSION = app;
			};
			name = Release;
		};
		71CAE64B18C78B7A002C9FD3 /* Debug */ = {
			isa = XCBuildConfiguration;
			buildSettings = {
				ALWAYS_SEARCH_USER_PATHS = NO;
				CINDER_PATH = /Users/eschweickart/cinder/cinder_master;
				CLANG_CXX_LIBRARY = "libc++";
				COMBINE_HIDPI_IMAGES = YES;
				COPY_PHASE_STRIP = NO;
				DEAD_CODE_STRIPPING = YES;
				GCC_DYNAMIC_NO_PIC = NO;
				GCC_INLINES_ARE_PRIVATE_EXTERN = YES;
				GCC_OPTIMIZATION_LEVEL = 0;
				GCC_PRECOMPILE_PREFIX_HEADER = YES;
				GCC_PREFIX_HEADER = ../src/Simulator/headers/Simulator_Prefix.pch;
				GCC_PREPROCESSOR_DEFINITIONS = (
					"DEBUG=1",
					"$(inherited)",
				);
				GCC_PREPROCESSOR_DEFINITIONS_NOT_USED_IN_PRECOMPS = SIMULATOR;
				GCC_SYMBOLS_PRIVATE_EXTERN = NO;
				HEADER_SEARCH_PATHS = "\"$(CINDER_PATH)/boost\"";
				INFOPLIST_FILE = "../resources/Simulator-Info.plist";
				INSTALL_PATH = "$(HOME)/Applications";
				LIBRARY_SEARCH_PATHS = "\"/Users/eschweickart/boost/lib\"";
				MACOSX_DEPLOYMENT_TARGET = 10.9;
				OTHER_LDFLAGS = (
					"\"/Users/eschweickart/boost/lib/libboost_system.a\"",
					"\"/Users/eschweickart/boost/lib/libboost_chrono.a\"",
					"\"/Users/eschweickart/boost/lib/libboost_date_time.a\"",
					"\"/Users/eschweickart/boost/lib/libboost_thread.a\"",
					"\"$(CINDER_PATH)/lib/libcinder_d.a\"",
				);
				PRODUCT_NAME = Simulator;
				SYMROOT = ../build;
				USER_HEADER_SEARCH_PATHS = "\"$(CINDER_PATH)/include\" ../include";
				WRAPPER_EXTENSION = app;
			};
			name = Debug;
		};
		71CAE64C18C78B7A002C9FD3 /* Release */ = {
			isa = XCBuildConfiguration;
			buildSettings = {
				ALWAYS_SEARCH_USER_PATHS = NO;
				CINDER_PATH = /Users/eschweickart/cinder/cinder_master;
				CLANG_CXX_LIBRARY = "libc++";
				COMBINE_HIDPI_IMAGES = YES;
				DEAD_CODE_STRIPPING = YES;
				DEBUG_INFORMATION_FORMAT = "dwarf-with-dsym";
				GCC_FAST_MATH = YES;
				GCC_GENERATE_DEBUGGING_SYMBOLS = NO;
				GCC_INLINES_ARE_PRIVATE_EXTERN = YES;
				GCC_OPTIMIZATION_LEVEL = 3;
				GCC_PRECOMPILE_PREFIX_HEADER = YES;
				GCC_PREFIX_HEADER = ../src/Simulator/headers/Simulator_Prefix.pch;
				GCC_PREPROCESSOR_DEFINITIONS_NOT_USED_IN_PRECOMPS = SIMULATOR;
				GCC_SYMBOLS_PRIVATE_EXTERN = NO;
				HEADER_SEARCH_PATHS = "\"$(CINDER_PATH)/boost\"";
				INFOPLIST_FILE = "../resources/Simulator-Info.plist";
				INSTALL_PATH = "$(HOME)/Applications";
				LIBRARY_SEARCH_PATHS = "\"/Users/eschweickart/boost/lib\"";
				MACOSX_DEPLOYMENT_TARGET = 10.9;
				OTHER_LDFLAGS = (
					"\"/Users/eschweickart/boost/lib/libboost_system.a\"",
					"\"/Users/eschweickart/boost/lib/libboost_chrono.a\"",
					"\"/Users/eschweickart/boost/lib/libboost_date_time.a\"",
					"\"/Users/eschweickart/boost/lib/libboost_thread.a\"",
					"\"$(CINDER_PATH)/lib/libcinder.a\"",
				);
				PRODUCT_NAME = Simulator;
				STRIP_INSTALLED_PRODUCT = YES;
				SYMROOT = ../build;
				USER_HEADER_SEARCH_PATHS = "\"$(CINDER_PATH)/include\" ../include";
				WRAPPER_EXTENSION = app;
			};
			name = Release;
		};
		C01FCF4B08A954540054247B /* Debug */ = {
			isa = XCBuildConfiguration;
			buildSettings = {
				CINDER_PATH = /Users/eschweickart/cinder/cinder_master;
				CLANG_CXX_LANGUAGE_STANDARD = "c++0x";
				CLANG_CXX_LIBRARY = "libc++";
				COMBINE_HIDPI_IMAGES = YES;
				COPY_PHASE_STRIP = NO;
				DEAD_CODE_STRIPPING = YES;
				GCC_DYNAMIC_NO_PIC = NO;
				GCC_INLINES_ARE_PRIVATE_EXTERN = YES;
				GCC_OPTIMIZATION_LEVEL = 0;
				GCC_PRECOMPILE_PREFIX_HEADER = YES;
				GCC_PREFIX_HEADER = ../src/Visualizer/Headers/Visualizer_Prefix.pch;
				GCC_PREPROCESSOR_DEFINITIONS = (
					"DEBUG=1",
					"$(inherited)",
				);
				GCC_SYMBOLS_PRIVATE_EXTERN = NO;
				GCC_WARN_64_TO_32_BIT_CONVERSION = NO;
				INFOPLIST_FILE = ../resources/Info.plist;
				INSTALL_PATH = "$(HOME)/Applications";
				OTHER_LDFLAGS = "\"$(CINDER_PATH)/lib/libcinder_d.a\"";
				PRODUCT_NAME = Visualizer;
				SYMROOT = ../build;
				WRAPPER_EXTENSION = app;
			};
			name = Debug;
		};
		C01FCF4C08A954540054247B /* Release */ = {
			isa = XCBuildConfiguration;
			buildSettings = {
				CINDER_PATH = /Users/eschweickart/cinder/cinder_master;
				CLANG_CXX_LANGUAGE_STANDARD = "c++0x";
				CLANG_CXX_LIBRARY = "libc++";
				COMBINE_HIDPI_IMAGES = YES;
				COPY_PHASE_STRIP = YES;
				DEAD_CODE_STRIPPING = YES;
				DEBUG_INFORMATION_FORMAT = "dwarf-with-dsym";
				GCC_FAST_MATH = YES;
				GCC_GENERATE_DEBUGGING_SYMBOLS = NO;
				GCC_INLINES_ARE_PRIVATE_EXTERN = YES;
				GCC_OPTIMIZATION_LEVEL = 3;
				GCC_PRECOMPILE_PREFIX_HEADER = YES;
				GCC_PREFIX_HEADER = ../src/Visualizer/Headers/Visualizer_Prefix.pch;
				GCC_SYMBOLS_PRIVATE_EXTERN = NO;
				GCC_WARN_64_TO_32_BIT_CONVERSION = NO;
				INFOPLIST_FILE = ../resources/Info.plist;
				INSTALL_PATH = "$(HOME)/Applications";
				OTHER_LDFLAGS = "\"$(CINDER_PATH)/lib/libcinder.a\"";
				PRODUCT_NAME = Visualizer;
				STRIP_INSTALLED_PRODUCT = YES;
				SYMROOT = ../build;
				WRAPPER_EXTENSION = app;
			};
			name = Release;
		};
		C01FCF4F08A954540054247B /* Debug */ = {
			isa = XCBuildConfiguration;
			buildSettings = {
				ALWAYS_SEARCH_USER_PATHS = NO;
				CINDER_PATH = /Users/eschweickart/cinder/cinder_master;
				CLANG_CXX_LANGUAGE_STANDARD = "c++0x";
				CLANG_CXX_LIBRARY = "libc++";
				GCC_WARN_ABOUT_RETURN_TYPE = YES;
				GCC_WARN_UNUSED_VARIABLE = YES;
				HEADER_SEARCH_PATHS = "\"$(CINDER_PATH)/boost\"";
				MACOSX_DEPLOYMENT_TARGET = 10.9;
				ONLY_ACTIVE_ARCH = YES;
				SDKROOT = macosx;
				SYMROOT = ../build;
				USER_HEADER_SEARCH_PATHS = "\"$(CINDER_PATH)/include\" ../include";
			};
			name = Debug;
		};
		C01FCF5008A954540054247B /* Release */ = {
			isa = XCBuildConfiguration;
			buildSettings = {
				ALWAYS_SEARCH_USER_PATHS = NO;
				CINDER_PATH = /Users/eschweickart/cinder/cinder_master;
				CLANG_CXX_LANGUAGE_STANDARD = "c++0x";
				CLANG_CXX_LIBRARY = "libc++";
				GCC_WARN_ABOUT_RETURN_TYPE = YES;
				GCC_WARN_UNUSED_VARIABLE = YES;
				HEADER_SEARCH_PATHS = "\"$(CINDER_PATH)/boost\"";
				MACOSX_DEPLOYMENT_TARGET = 10.9;
				ONLY_ACTIVE_ARCH = YES;
				SDKROOT = macosx;
				SYMROOT = ../build;
				USER_HEADER_SEARCH_PATHS = "\"$(CINDER_PATH)/include\" ../include";
			};
			name = Release;
		};
/* End XCBuildConfiguration section */

/* Begin XCConfigurationList section */
		71CA575F19463BC30076A3F2 /* Build configuration list for PBXNativeTarget "RodSound" */ = {
			isa = XCConfigurationList;
			buildConfigurations = (
				71CA576019463BC30076A3F2 /* Debug */,
				71CA576119463BC30076A3F2 /* Release */,
			);
			defaultConfigurationIsVisible = 0;
			defaultConfigurationName = Release;
		};
		71CAE64A18C78B7A002C9FD3 /* Build configuration list for PBXNativeTarget "Simulator" */ = {
			isa = XCConfigurationList;
			buildConfigurations = (
				71CAE64B18C78B7A002C9FD3 /* Debug */,
				71CAE64C18C78B7A002C9FD3 /* Release */,
			);
			defaultConfigurationIsVisible = 0;
			defaultConfigurationName = Release;
		};
		C01FCF4A08A954540054247B /* Build configuration list for PBXNativeTarget "Visualizer" */ = {
			isa = XCConfigurationList;
			buildConfigurations = (
				C01FCF4B08A954540054247B /* Debug */,
				C01FCF4C08A954540054247B /* Release */,
			);
			defaultConfigurationIsVisible = 0;
			defaultConfigurationName = Release;
		};
		C01FCF4E08A954540054247B /* Build configuration list for PBXProject "Visualizer" */ = {
			isa = XCConfigurationList;
			buildConfigurations = (
				C01FCF4F08A954540054247B /* Debug */,
				C01FCF5008A954540054247B /* Release */,
			);
			defaultConfigurationIsVisible = 0;
			defaultConfigurationName = Release;
		};
/* End XCConfigurationList section */
	};
	rootObject = 29B97313FDCFA39411CA2CEA /* Project object */;
}
